{
  "pins" : [
    {
      "identity" : "alamofire",
      "kind" : "remoteSourceControl",
      "location" : "https://github.com/Alamofire/Alamofire",
      "state" : {
        "branch" : "master",
        "revision" : "ce7f662709a152e840b130a158b9afef3402e146"
      }
    },
    {
      "identity" : "becoreextension",
      "kind" : "remoteSourceControl",
      "location" : "https://github.com/benayaokta/BECoreExtension",
      "state" : {
        "branch" : "main",
        "revision" : "3e3559228a7981c9609ec2e6896e341a588f6c9d"
      }
    },
    {
      "identity" : "coremodelcapstone",
      "kind" : "remoteSourceControl",
      "location" : "https://github.com/benayaokta/CoreModelCapstone",
      "state" : {
        "branch" : "main",
        "revision" : "09b2cbdd295b425c7e6c9fbdbd24d97ba825e2da"
      }
    },
    {
      "identity" : "iqkeyboardmanager",
      "kind" : "remoteSourceControl",
      "location" : "https://github.com/hackiftekhar/IQKeyboardManager",
      "state" : {
        "branch" : "master",
        "revision" : "0ea3febb36cfcec2afb5841fd8809a9c0fa545b3"
      }
    },
    {
      "identity" : "nvactivityindicatorview",
      "kind" : "remoteSourceControl",
      "location" : "https://github.com/ninjaprox/NVActivityIndicatorView",
      "state" : {
        "branch" : "master",
        "revision" : "93f5bdb857cbf545a281cd08f7954ddea76855a5"
      }
    },
    {
      "identity" : "sdwebimage",
      "kind" : "remoteSourceControl",
      "location" : "https://github.com/SDWebImage/SDWebImage",
      "state" : {
        "branch" : "master",
        "revision" : "6c6b951845a520fa7e8356e28adb5339c0f008d3"
      }
    },
    {
      "identity" : "snackbar.swift",
      "kind" : "remoteSourceControl",
      "location" : "https://github.com/ahmedAlmasri/SnackBar.swift",
      "state" : {
        "branch" : "master",
        "revision" : "9efa0f9d2a6ae35384a878a0d74dbafd5001a672"
      }
    },
    {
      "identity" : "snapkit",
      "kind" : "remoteSourceControl",
      "location" : "https://github.com/SnapKit/SnapKit.git",
      "state" : {
        "revision" : "f222cbdf325885926566172f6f5f06af95473158",
        "version" : "5.6.0"
      }
    },
    {
      "identity" : "stevia",
      "kind" : "remoteSourceControl",
      "location" : "https://github.com/freshOS/Stevia",
      "state" : {
        "branch" : "master",
        "revision" : "8e3220a4ca1aa1bc731d6bde5a39b40d89483b30"
      }
    }
  ],
  "version" : 2
}
