// !$*UTF8*$!
{
	archiveVersion = 1;
	classes = {
	};
	objectVersion = 55;
	objects = {

/* Begin PBXBuildFile section */
		8DA45EA134A3D1A9A08C3411 /* Pods_FavoriteModule.framework in Frameworks */ = {isa = PBXBuildFile; fileRef = 7D0BCE205EB77639A8E9481D /* Pods_FavoriteModule.framework */; };
		F4DC26D3297840770009A20D /* FavoriteProtocols.swift in Sources */ = {isa = PBXBuildFile; fileRef = F4DC26CE297840770009A20D /* FavoriteProtocols.swift */; };
		F4DC26D4297840770009A20D /* FavoriteViewController.swift in Sources */ = {isa = PBXBuildFile; fileRef = F4DC26CF297840770009A20D /* FavoriteViewController.swift */; };
		F4DC26D5297840770009A20D /* FavoriteRepo.swift in Sources */ = {isa = PBXBuildFile; fileRef = F4DC26D0297840770009A20D /* FavoriteRepo.swift */; };
		F4DC26D6297840770009A20D /* FavoriteEmptyView.swift in Sources */ = {isa = PBXBuildFile; fileRef = F4DC26D1297840770009A20D /* FavoriteEmptyView.swift */; };
		F4DC26D7297840770009A20D /* FavoriteViewModel.swift in Sources */ = {isa = PBXBuildFile; fileRef = F4DC26D2297840770009A20D /* FavoriteViewModel.swift */; };
		F4DC26DA297840970009A20D /* SDWebImage in Frameworks */ = {isa = PBXBuildFile; productRef = F4DC26D9297840970009A20D /* SDWebImage */; };
		F4DC26DC297840A10009A20D /* CoreModel.framework in Frameworks */ = {isa = PBXBuildFile; fileRef = F4DC26DB297840A10009A20D /* CoreModel.framework */; };
		F4DC26E0297840A90009A20D /* Common.framework in Frameworks */ = {isa = PBXBuildFile; fileRef = F4DC26DF297840A90009A20D /* Common.framework */; };
		F4DC26E4297840AD0009A20D /* CoreManager.framework in Frameworks */ = {isa = PBXBuildFile; fileRef = F4DC26E3297840AD0009A20D /* CoreManager.framework */; };
		F4DC26E8297840BB0009A20D /* Stevia in Frameworks */ = {isa = PBXBuildFile; productRef = F4DC26E7297840BB0009A20D /* Stevia */; };
		F4DC26EB297840C60009A20D /* CoreExtension in Frameworks */ = {isa = PBXBuildFile; productRef = F4DC26EA297840C60009A20D /* CoreExtension */; };
		F4DC26FF297841C30009A20D /* DetailModule.framework in Frameworks */ = {isa = PBXBuildFile; fileRef = F4DC26FE297841C30009A20D /* DetailModule.framework */; };
/* End PBXBuildFile section */

/* Begin PBXFileReference section */
		24117CB77E3204C3D2F94906 /* Pods-FavoriteModule.release.xcconfig */ = {isa = PBXFileReference; includeInIndex = 1; lastKnownFileType = text.xcconfig; name = "Pods-FavoriteModule.release.xcconfig"; path = "../../Pods/Target Support Files/Pods-FavoriteModule/Pods-FavoriteModule.release.xcconfig"; sourceTree = "<group>"; };
		7D0BCE205EB77639A8E9481D /* Pods_FavoriteModule.framework */ = {isa = PBXFileReference; explicitFileType = wrapper.framework; includeInIndex = 0; path = Pods_FavoriteModule.framework; sourceTree = BUILT_PRODUCTS_DIR; };
		A6236B8E5CAE58B6AB084C32 /* Pods-FavoriteModule.debug.xcconfig */ = {isa = PBXFileReference; includeInIndex = 1; lastKnownFileType = text.xcconfig; name = "Pods-FavoriteModule.debug.xcconfig"; path = "../../Pods/Target Support Files/Pods-FavoriteModule/Pods-FavoriteModule.debug.xcconfig"; sourceTree = "<group>"; };
		F4DC267429783E870009A20D /* FavoriteModule.framework */ = {isa = PBXFileReference; explicitFileType = wrapper.framework; includeInIndex = 0; path = FavoriteModule.framework; sourceTree = BUILT_PRODUCTS_DIR; };
		F4DC26CE297840770009A20D /* FavoriteProtocols.swift */ = {isa = PBXFileReference; fileEncoding = 4; lastKnownFileType = sourcecode.swift; path = FavoriteProtocols.swift; sourceTree = "<group>"; };
		F4DC26CF297840770009A20D /* FavoriteViewController.swift */ = {isa = PBXFileReference; fileEncoding = 4; lastKnownFileType = sourcecode.swift; path = FavoriteViewController.swift; sourceTree = "<group>"; };
		F4DC26D0297840770009A20D /* FavoriteRepo.swift */ = {isa = PBXFileReference; fileEncoding = 4; lastKnownFileType = sourcecode.swift; path = FavoriteRepo.swift; sourceTree = "<group>"; };
		F4DC26D1297840770009A20D /* FavoriteEmptyView.swift */ = {isa = PBXFileReference; fileEncoding = 4; lastKnownFileType = sourcecode.swift; path = FavoriteEmptyView.swift; sourceTree = "<group>"; };
		F4DC26D2297840770009A20D /* FavoriteViewModel.swift */ = {isa = PBXFileReference; fileEncoding = 4; lastKnownFileType = sourcecode.swift; path = FavoriteViewModel.swift; sourceTree = "<group>"; };
		F4DC26DB297840A10009A20D /* CoreModel.framework */ = {isa = PBXFileReference; explicitFileType = wrapper.framework; path = CoreModel.framework; sourceTree = BUILT_PRODUCTS_DIR; };
		F4DC26DF297840A90009A20D /* Common.framework */ = {isa = PBXFileReference; explicitFileType = wrapper.framework; path = Common.framework; sourceTree = BUILT_PRODUCTS_DIR; };
		F4DC26E3297840AD0009A20D /* CoreManager.framework */ = {isa = PBXFileReference; explicitFileType = wrapper.framework; path = CoreManager.framework; sourceTree = BUILT_PRODUCTS_DIR; };
		F4DC26FE297841C30009A20D /* DetailModule.framework */ = {isa = PBXFileReference; explicitFileType = wrapper.framework; path = DetailModule.framework; sourceTree = BUILT_PRODUCTS_DIR; };
/* End PBXFileReference section */

/* Begin PBXFrameworksBuildPhase section */
		F4DC267129783E870009A20D /* Frameworks */ = {
			isa = PBXFrameworksBuildPhase;
			buildActionMask = 2147483647;
			files = (
				F4DC26E8297840BB0009A20D /* Stevia in Frameworks */,
				F4DC26E4297840AD0009A20D /* CoreManager.framework in Frameworks */,
				F4DC26DA297840970009A20D /* SDWebImage in Frameworks */,
				F4DC26FF297841C30009A20D /* DetailModule.framework in Frameworks */,
				F4DC26E0297840A90009A20D /* Common.framework in Frameworks */,
				F4DC26EB297840C60009A20D /* CoreExtension in Frameworks */,
				8DA45EA134A3D1A9A08C3411 /* Pods_FavoriteModule.framework in Frameworks */,
				F4DC26DC297840A10009A20D /* CoreModel.framework in Frameworks */,
			);
			runOnlyForDeploymentPostprocessing = 0;
		};
/* End PBXFrameworksBuildPhase section */

/* Begin PBXGroup section */
		38DBAB98D9FFDB383AA67E40 /* Frameworks */ = {
			isa = PBXGroup;
			children = (
				F4DC26FE297841C30009A20D /* DetailModule.framework */,
				F4DC26E3297840AD0009A20D /* CoreManager.framework */,
				F4DC26DF297840A90009A20D /* Common.framework */,
				F4DC26DB297840A10009A20D /* CoreModel.framework */,
				7D0BCE205EB77639A8E9481D /* Pods_FavoriteModule.framework */,
			);
			name = Frameworks;
			sourceTree = "<group>";
		};
		C0D41703BB564E5886A47FD8 /* Pods */ = {
			isa = PBXGroup;
			children = (
				A6236B8E5CAE58B6AB084C32 /* Pods-FavoriteModule.debug.xcconfig */,
				24117CB77E3204C3D2F94906 /* Pods-FavoriteModule.release.xcconfig */,
			);
			name = Pods;
			path = ../../Pods;
			sourceTree = "<group>";
		};
		F4DC266A29783E870009A20D = {
			isa = PBXGroup;
			children = (
				F4DC267629783E870009A20D /* FavoriteModule */,
				F4DC267529783E870009A20D /* Products */,
				C0D41703BB564E5886A47FD8 /* Pods */,
				38DBAB98D9FFDB383AA67E40 /* Frameworks */,
			);
			sourceTree = "<group>";
		};
		F4DC267529783E870009A20D /* Products */ = {
			isa = PBXGroup;
			children = (
				F4DC267429783E870009A20D /* FavoriteModule.framework */,
			);
			name = Products;
			sourceTree = "<group>";
		};
		F4DC267629783E870009A20D /* FavoriteModule */ = {
			isa = PBXGroup;
			children = (
				F4DC26D1297840770009A20D /* FavoriteEmptyView.swift */,
				F4DC26CE297840770009A20D /* FavoriteProtocols.swift */,
				F4DC26D0297840770009A20D /* FavoriteRepo.swift */,
				F4DC26CF297840770009A20D /* FavoriteViewController.swift */,
				F4DC26D2297840770009A20D /* FavoriteViewModel.swift */,
			);
			path = FavoriteModule;
			sourceTree = "<group>";
		};
/* End PBXGroup section */

/* Begin PBXHeadersBuildPhase section */
		F4DC266F29783E870009A20D /* Headers */ = {
			isa = PBXHeadersBuildPhase;
			buildActionMask = 2147483647;
			files = (
			);
			runOnlyForDeploymentPostprocessing = 0;
		};
/* End PBXHeadersBuildPhase section */

/* Begin PBXNativeTarget section */
		F4DC267329783E870009A20D /* FavoriteModule */ = {
			isa = PBXNativeTarget;
			buildConfigurationList = F4DC267D29783E870009A20D /* Build configuration list for PBXNativeTarget "FavoriteModule" */;
			buildPhases = (
				C7A5019D09095B7173145C6C /* [CP] Check Pods Manifest.lock */,
				F4DC266F29783E870009A20D /* Headers */,
				F4DC267029783E870009A20D /* Sources */,
				F4DC267129783E870009A20D /* Frameworks */,
				F4DC267229783E870009A20D /* Resources */,
			);
			buildRules = (
			);
			dependencies = (
			);
			name = FavoriteModule;
			packageProductDependencies = (
				F4DC26D9297840970009A20D /* SDWebImage */,
				F4DC26E7297840BB0009A20D /* Stevia */,
				F4DC26EA297840C60009A20D /* CoreExtension */,
			);
			productName = FavoriteModule;
			productReference = F4DC267429783E870009A20D /* FavoriteModule.framework */;
			productType = "com.apple.product-type.framework";
		};
/* End PBXNativeTarget section */

/* Begin PBXProject section */
		F4DC266B29783E870009A20D /* Project object */ = {
			isa = PBXProject;
			attributes = {
				BuildIndependentTargetsInParallel = 1;
				LastUpgradeCheck = 1400;
				TargetAttributes = {
					F4DC267329783E870009A20D = {
						CreatedOnToolsVersion = 14.0;
						LastSwiftMigration = 1400;
					};
				};
			};
			buildConfigurationList = F4DC266E29783E870009A20D /* Build configuration list for PBXProject "FavoriteModule" */;
			compatibilityVersion = "Xcode 13.0";
			developmentRegion = en;
			hasScannedForEncodings = 0;
			knownRegions = (
				en,
				Base,
			);
			mainGroup = F4DC266A29783E870009A20D;
			packageReferences = (
				F4DC26D8297840970009A20D /* XCRemoteSwiftPackageReference "SDWebImage" */,
				F4DC26E6297840BB0009A20D /* XCRemoteSwiftPackageReference "Stevia" */,
				F4DC26E9297840C60009A20D /* XCRemoteSwiftPackageReference "BECoreExtension" */,
			);
			productRefGroup = F4DC267529783E870009A20D /* Products */;
			projectDirPath = "";
			projectRoot = "";
			targets = (
				F4DC267329783E870009A20D /* FavoriteModule */,
			);
		};
/* End PBXProject section */

/* Begin PBXResourcesBuildPhase section */
		F4DC267229783E870009A20D /* Resources */ = {
			isa = PBXResourcesBuildPhase;
			buildActionMask = 2147483647;
			files = (
			);
			runOnlyForDeploymentPostprocessing = 0;
		};
/* End PBXResourcesBuildPhase section */

/* Begin PBXShellScriptBuildPhase section */
		C7A5019D09095B7173145C6C /* [CP] Check Pods Manifest.lock */ = {
			isa = PBXShellScriptBuildPhase;
			buildActionMask = 2147483647;
			files = (
			);
			inputFileListPaths = (
			);
			inputPaths = (
				"${PODS_PODFILE_DIR_PATH}/Podfile.lock",
				"${PODS_ROOT}/Manifest.lock",
			);
			name = "[CP] Check Pods Manifest.lock";
			outputFileListPaths = (
			);
			outputPaths = (
				"$(DERIVED_FILE_DIR)/Pods-FavoriteModule-checkManifestLockResult.txt",
			);
			runOnlyForDeploymentPostprocessing = 0;
			shellPath = /bin/sh;
			shellScript = "diff \"${PODS_PODFILE_DIR_PATH}/Podfile.lock\" \"${PODS_ROOT}/Manifest.lock\" > /dev/null\nif [ $? != 0 ] ; then\n    # print error to STDERR\n    echo \"error: The sandbox is not in sync with the Podfile.lock. Run 'pod install' or update your CocoaPods installation.\" >&2\n    exit 1\nfi\n# This output is used by Xcode 'outputs' to avoid re-running this script phase.\necho \"SUCCESS\" > \"${SCRIPT_OUTPUT_FILE_0}\"\n";
			showEnvVarsInLog = 0;
		};
/* End PBXShellScriptBuildPhase section */

/* Begin PBXSourcesBuildPhase section */
		F4DC267029783E870009A20D /* Sources */ = {
			isa = PBXSourcesBuildPhase;
			buildActionMask = 2147483647;
			files = (
				F4DC26D6297840770009A20D /* FavoriteEmptyView.swift in Sources */,
				F4DC26D5297840770009A20D /* FavoriteRepo.swift in Sources */,
				F4DC26D4297840770009A20D /* FavoriteViewController.swift in Sources */,
				F4DC26D7297840770009A20D /* FavoriteViewModel.swift in Sources */,
				F4DC26D3297840770009A20D /* FavoriteProtocols.swift in Sources */,
			);
			runOnlyForDeploymentPostprocessing = 0;
		};
/* End PBXSourcesBuildPhase section */

/* Begin XCBuildConfiguration section */
		F4DC267B29783E870009A20D /* Debug */ = {
			isa = XCBuildConfiguration;
			buildSettings = {
				ALWAYS_SEARCH_USER_PATHS = NO;
				CLANG_ANALYZER_NONNULL = YES;
				CLANG_ANALYZER_NUMBER_OBJECT_CONVERSION = YES_AGGRESSIVE;
				CLANG_CXX_LANGUAGE_STANDARD = "gnu++20";
				CLANG_ENABLE_MODULES = YES;
				CLANG_ENABLE_OBJC_ARC = YES;
				CLANG_ENABLE_OBJC_WEAK = YES;
				CLANG_WARN_BLOCK_CAPTURE_AUTORELEASING = YES;
				CLANG_WARN_BOOL_CONVERSION = YES;
				CLANG_WARN_COMMA = YES;
				CLANG_WARN_CONSTANT_CONVERSION = YES;
				CLANG_WARN_DEPRECATED_OBJC_IMPLEMENTATIONS = YES;
				CLANG_WARN_DIRECT_OBJC_ISA_USAGE = YES_ERROR;
				CLANG_WARN_DOCUMENTATION_COMMENTS = YES;
				CLANG_WARN_EMPTY_BODY = YES;
				CLANG_WARN_ENUM_CONVERSION = YES;
				CLANG_WARN_INFINITE_RECURSION = YES;
				CLANG_WARN_INT_CONVERSION = YES;
				CLANG_WARN_NON_LITERAL_NULL_CONVERSION = YES;
				CLANG_WARN_OBJC_IMPLICIT_RETAIN_SELF = YES;
				CLANG_WARN_OBJC_LITERAL_CONVERSION = YES;
				CLANG_WARN_OBJC_ROOT_CLASS = YES_ERROR;
				CLANG_WARN_QUOTED_INCLUDE_IN_FRAMEWORK_HEADER = YES;
				CLANG_WARN_RANGE_LOOP_ANALYSIS = YES;
				CLANG_WARN_STRICT_PROTOTYPES = YES;
				CLANG_WARN_SUSPICIOUS_MOVE = YES;
				CLANG_WARN_UNGUARDED_AVAILABILITY = YES_AGGRESSIVE;
				CLANG_WARN_UNREACHABLE_CODE = YES;
				CLANG_WARN__DUPLICATE_METHOD_MATCH = YES;
				COPY_PHASE_STRIP = NO;
				CURRENT_PROJECT_VERSION = 1;
				DEBUG_INFORMATION_FORMAT = dwarf;
				ENABLE_STRICT_OBJC_MSGSEND = YES;
				ENABLE_TESTABILITY = YES;
				GCC_C_LANGUAGE_STANDARD = gnu11;
				GCC_DYNAMIC_NO_PIC = NO;
				GCC_NO_COMMON_BLOCKS = YES;
				GCC_OPTIMIZATION_LEVEL = 0;
				GCC_PREPROCESSOR_DEFINITIONS = (
					"DEBUG=1",
					"$(inherited)",
				);
				GCC_WARN_64_TO_32_BIT_CONVERSION = YES;
				GCC_WARN_ABOUT_RETURN_TYPE = YES_ERROR;
				GCC_WARN_UNDECLARED_SELECTOR = YES;
				GCC_WARN_UNINITIALIZED_AUTOS = YES_AGGRESSIVE;
				GCC_WARN_UNUSED_FUNCTION = YES;
				GCC_WARN_UNUSED_VARIABLE = YES;
				IPHONEOS_DEPLOYMENT_TARGET = 13.0;
				MTL_ENABLE_DEBUG_INFO = INCLUDE_SOURCE;
				MTL_FAST_MATH = YES;
				ONLY_ACTIVE_ARCH = YES;
				SDKROOT = iphoneos;
				SWIFT_ACTIVE_COMPILATION_CONDITIONS = DEBUG;
				SWIFT_OPTIMIZATION_LEVEL = "-Onone";
				VERSIONING_SYSTEM = "apple-generic";
				VERSION_INFO_PREFIX = "";
			};
			name = Debug;
		};
		F4DC267C29783E870009A20D /* Release */ = {
			isa = XCBuildConfiguration;
			buildSettings = {
				ALWAYS_SEARCH_USER_PATHS = NO;
				CLANG_ANALYZER_NONNULL = YES;
				CLANG_ANALYZER_NUMBER_OBJECT_CONVERSION = YES_AGGRESSIVE;
				CLANG_CXX_LANGUAGE_STANDARD = "gnu++20";
				CLANG_ENABLE_MODULES = YES;
				CLANG_ENABLE_OBJC_ARC = YES;
				CLANG_ENABLE_OBJC_WEAK = YES;
				CLANG_WARN_BLOCK_CAPTURE_AUTORELEASING = YES;
				CLANG_WARN_BOOL_CONVERSION = YES;
				CLANG_WARN_COMMA = YES;
				CLANG_WARN_CONSTANT_CONVERSION = YES;
				CLANG_WARN_DEPRECATED_OBJC_IMPLEMENTATIONS = YES;
				CLANG_WARN_DIRECT_OBJC_ISA_USAGE = YES_ERROR;
				CLANG_WARN_DOCUMENTATION_COMMENTS = YES;
				CLANG_WARN_EMPTY_BODY = YES;
				CLANG_WARN_ENUM_CONVERSION = YES;
				CLANG_WARN_INFINITE_RECURSION = YES;
				CLANG_WARN_INT_CONVERSION = YES;
				CLANG_WARN_NON_LITERAL_NULL_CONVERSION = YES;
				CLANG_WARN_OBJC_IMPLICIT_RETAIN_SELF = YES;
				CLANG_WARN_OBJC_LITERAL_CONVERSION = YES;
				CLANG_WARN_OBJC_ROOT_CLASS = YES_ERROR;
				CLANG_WARN_QUOTED_INCLUDE_IN_FRAMEWORK_HEADER = YES;
				CLANG_WARN_RANGE_LOOP_ANALYSIS = YES;
				CLANG_WARN_STRICT_PROTOTYPES = YES;
				CLANG_WARN_SUSPICIOUS_MOVE = YES;
				CLANG_WARN_UNGUARDED_AVAILABILITY = YES_AGGRESSIVE;
				CLANG_WARN_UNREACHABLE_CODE = YES;
				CLANG_WARN__DUPLICATE_METHOD_MATCH = YES;
				COPY_PHASE_STRIP = NO;
				CURRENT_PROJECT_VERSION = 1;
				DEBUG_INFORMATION_FORMAT = "dwarf-with-dsym";
				ENABLE_NS_ASSERTIONS = NO;
				ENABLE_STRICT_OBJC_MSGSEND = YES;
				GCC_C_LANGUAGE_STANDARD = gnu11;
				GCC_NO_COMMON_BLOCKS = YES;
				GCC_WARN_64_TO_32_BIT_CONVERSION = YES;
				GCC_WARN_ABOUT_RETURN_TYPE = YES_ERROR;
				GCC_WARN_UNDECLARED_SELECTOR = YES;
				GCC_WARN_UNINITIALIZED_AUTOS = YES_AGGRESSIVE;
				GCC_WARN_UNUSED_FUNCTION = YES;
				GCC_WARN_UNUSED_VARIABLE = YES;
				IPHONEOS_DEPLOYMENT_TARGET = 13.0;
				MTL_ENABLE_DEBUG_INFO = NO;
				MTL_FAST_MATH = YES;
				SDKROOT = iphoneos;
				SWIFT_COMPILATION_MODE = wholemodule;
				SWIFT_OPTIMIZATION_LEVEL = "-O";
				VALIDATE_PRODUCT = YES;
				VERSIONING_SYSTEM = "apple-generic";
				VERSION_INFO_PREFIX = "";
			};
			name = Release;
		};
		F4DC267E29783E870009A20D /* Debug */ = {
			isa = XCBuildConfiguration;
			baseConfigurationReference = A6236B8E5CAE58B6AB084C32 /* Pods-FavoriteModule.debug.xcconfig */;
			buildSettings = {
				CLANG_ENABLE_MODULES = YES;
				CODE_SIGN_STYLE = Automatic;
				CURRENT_PROJECT_VERSION = 1;
				DEFINES_MODULE = YES;
				DEVELOPMENT_TEAM = 26SCPNUJUC;
				DYLIB_COMPATIBILITY_VERSION = 1;
				DYLIB_CURRENT_VERSION = 1;
				DYLIB_INSTALL_NAME_BASE = "@rpath";
				GENERATE_INFOPLIST_FILE = YES;
				INFOPLIST_KEY_NSHumanReadableCopyright = "";
				INSTALL_PATH = "$(LOCAL_LIBRARY_DIR)/Frameworks";
				LD_RUNPATH_SEARCH_PATHS = (
					"$(inherited)",
					"@executable_path/Frameworks",
					"@loader_path/Frameworks",
				);
				MARKETING_VERSION = 1.0;
				PRODUCT_BUNDLE_IDENTIFIER = com.dicoding.expert.FavoriteModule;
				PRODUCT_NAME = "$(TARGET_NAME:c99extidentifier)";
				SKIP_INSTALL = YES;
				SUPPORTED_PLATFORMS = "iphoneos iphonesimulator";
				SUPPORTS_MACCATALYST = NO;
				SUPPORTS_MAC_DESIGNED_FOR_IPHONE_IPAD = YES;
				SWIFT_EMIT_LOC_STRINGS = YES;
				SWIFT_OPTIMIZATION_LEVEL = "-Onone";
				SWIFT_VERSION = 5.0;
				TARGETED_DEVICE_FAMILY = 1;
			};
			name = Debug;
		};
		F4DC267F29783E870009A20D /* Release */ = {
			isa = XCBuildConfiguration;
			baseConfigurationReference = 24117CB77E3204C3D2F94906 /* Pods-FavoriteModule.release.xcconfig */;
			buildSettings = {
				CLANG_ENABLE_MODULES = YES;
				CODE_SIGN_STYLE = Automatic;
				CURRENT_PROJECT_VERSION = 1;
				DEFINES_MODULE = YES;
				DEVELOPMENT_TEAM = 26SCPNUJUC;
				DYLIB_COMPATIBILITY_VERSION = 1;
				DYLIB_CURRENT_VERSION = 1;
				DYLIB_INSTALL_NAME_BASE = "@rpath";
				GENERATE_INFOPLIST_FILE = YES;
				INFOPLIST_KEY_NSHumanReadableCopyright = "";
				INSTALL_PATH = "$(LOCAL_LIBRARY_DIR)/Frameworks";
				LD_RUNPATH_SEARCH_PATHS = (
					"$(inherited)",
					"@executable_path/Frameworks",
					"@loader_path/Frameworks",
				);
				MARKETING_VERSION = 1.0;
				PRODUCT_BUNDLE_IDENTIFIER = com.dicoding.expert.FavoriteModule;
				PRODUCT_NAME = "$(TARGET_NAME:c99extidentifier)";
				SKIP_INSTALL = YES;
				SUPPORTED_PLATFORMS = "iphoneos iphonesimulator";
				SUPPORTS_MACCATALYST = NO;
				SUPPORTS_MAC_DESIGNED_FOR_IPHONE_IPAD = YES;
				SWIFT_EMIT_LOC_STRINGS = YES;
				SWIFT_VERSION = 5.0;
				TARGETED_DEVICE_FAMILY = 1;
			};
			name = Release;
		};
/* End XCBuildConfiguration section */

/* Begin XCConfigurationList section */
		F4DC266E29783E870009A20D /* Build configuration list for PBXProject "FavoriteModule" */ = {
			isa = XCConfigurationList;
			buildConfigurations = (
				F4DC267B29783E870009A20D /* Debug */,
				F4DC267C29783E870009A20D /* Release */,
			);
			defaultConfigurationIsVisible = 0;
			defaultConfigurationName = Release;
		};
		F4DC267D29783E870009A20D /* Build configuration list for PBXNativeTarget "FavoriteModule" */ = {
			isa = XCConfigurationList;
			buildConfigurations = (
				F4DC267E29783E870009A20D /* Debug */,
				F4DC267F29783E870009A20D /* Release */,
			);
			defaultConfigurationIsVisible = 0;
			defaultConfigurationName = Release;
		};
/* End XCConfigurationList section */

/* Begin XCRemoteSwiftPackageReference section */
		F4DC26D8297840970009A20D /* XCRemoteSwiftPackageReference "SDWebImage" */ = {
			isa = XCRemoteSwiftPackageReference;
			repositoryURL = "https://github.com/SDWebImage/SDWebImage";
			requirement = {
				branch = master;
				kind = branch;
			};
		};
		F4DC26E6297840BB0009A20D /* XCRemoteSwiftPackageReference "Stevia" */ = {
			isa = XCRemoteSwiftPackageReference;
			repositoryURL = "https://github.com/freshOS/Stevia";
			requirement = {
				branch = master;
				kind = branch;
			};
		};
		F4DC26E9297840C60009A20D /* XCRemoteSwiftPackageReference "BECoreExtension" */ = {
			isa = XCRemoteSwiftPackageReference;
			repositoryURL = "https://github.com/benayaokta/BECoreExtension";
			requirement = {
				branch = main;
				kind = branch;
			};
		};
/* End XCRemoteSwiftPackageReference section */

/* Begin XCSwiftPackageProductDependency section */
		F4DC26D9297840970009A20D /* SDWebImage */ = {
			isa = XCSwiftPackageProductDependency;
			package = F4DC26D8297840970009A20D /* XCRemoteSwiftPackageReference "SDWebImage" */;
			productName = SDWebImage;
		};
		F4DC26E7297840BB0009A20D /* Stevia */ = {
			isa = XCSwiftPackageProductDependency;
			package = F4DC26E6297840BB0009A20D /* XCRemoteSwiftPackageReference "Stevia" */;
			productName = Stevia;
		};
		F4DC26EA297840C60009A20D /* CoreExtension */ = {
			isa = XCSwiftPackageProductDependency;
			package = F4DC26E9297840C60009A20D /* XCRemoteSwiftPackageReference "BECoreExtension" */;
			productName = CoreExtension;
		};
/* End XCSwiftPackageProductDependency section */
	};
	rootObject = F4DC266B29783E870009A20D /* Project object */;
}
