// !$*UTF8*$!
{
	archiveVersion = 1;
	classes = {
	};
	objectVersion = 56;
	objects = {

/* Begin PBXBuildFile section */
		8B9FCD249BF4F074DE434C59 /* Pods_CoreModel.framework in Frameworks */ = {isa = PBXBuildFile; fileRef = 73B9E6A383E5B08BEC091A6B /* Pods_CoreModel.framework */; };
		F4DC256A297838310009A20D /* AllPairEntity.swift in Sources */ = {isa = PBXBuildFile; fileRef = F4DC2561297838310009A20D /* AllPairEntity.swift */; };
		F4DC256B297838310009A20D /* ProfileEntity.swift in Sources */ = {isa = PBXBuildFile; fileRef = F4DC2562297838310009A20D /* ProfileEntity.swift */; };
		F4DC256C297838310009A20D /* AllPairResponse.swift in Sources */ = {isa = PBXBuildFile; fileRef = F4DC2564297838310009A20D /* AllPairResponse.swift */; };
		F4DC256D297838310009A20D /* AllPairUIModel.swift in Sources */ = {isa = PBXBuildFile; fileRef = F4DC2566297838310009A20D /* AllPairUIModel.swift */; };
		F4DC256E297838310009A20D /* ProfileUIModel.swift in Sources */ = {isa = PBXBuildFile; fileRef = F4DC2567297838310009A20D /* ProfileUIModel.swift */; };
		F4DC256F297838310009A20D /* AllPairModel.swift in Sources */ = {isa = PBXBuildFile; fileRef = F4DC2569297838310009A20D /* AllPairModel.swift */; };
		F4DC2572297838420009A20D /* CoreExtension in Frameworks */ = {isa = PBXBuildFile; productRef = F4DC2571297838420009A20D /* CoreExtension */; };
/* End PBXBuildFile section */

/* Begin PBXFileReference section */
		70C160D0F65269E34F33E826 /* Pods-CoreModel.debug.xcconfig */ = {isa = PBXFileReference; includeInIndex = 1; lastKnownFileType = text.xcconfig; name = "Pods-CoreModel.debug.xcconfig"; path = "Target Support Files/Pods-CoreModel/Pods-CoreModel.debug.xcconfig"; sourceTree = "<group>"; };
		73B9E6A383E5B08BEC091A6B /* Pods_CoreModel.framework */ = {isa = PBXFileReference; explicitFileType = wrapper.framework; includeInIndex = 0; path = Pods_CoreModel.framework; sourceTree = BUILT_PRODUCTS_DIR; };
		8CEEEEF509DDEB837D944C22 /* Pods-CoreModel.release.xcconfig */ = {isa = PBXFileReference; includeInIndex = 1; lastKnownFileType = text.xcconfig; name = "Pods-CoreModel.release.xcconfig"; path = "Target Support Files/Pods-CoreModel/Pods-CoreModel.release.xcconfig"; sourceTree = "<group>"; };
		F4DC254C297837F70009A20D /* CoreModel.framework */ = {isa = PBXFileReference; explicitFileType = wrapper.framework; includeInIndex = 0; path = CoreModel.framework; sourceTree = BUILT_PRODUCTS_DIR; };
		F4DC2561297838310009A20D /* AllPairEntity.swift */ = {isa = PBXFileReference; fileEncoding = 4; lastKnownFileType = sourcecode.swift; path = AllPairEntity.swift; sourceTree = "<group>"; };
		F4DC2562297838310009A20D /* ProfileEntity.swift */ = {isa = PBXFileReference; fileEncoding = 4; lastKnownFileType = sourcecode.swift; path = ProfileEntity.swift; sourceTree = "<group>"; };
		F4DC2564297838310009A20D /* AllPairResponse.swift */ = {isa = PBXFileReference; fileEncoding = 4; lastKnownFileType = sourcecode.swift; path = AllPairResponse.swift; sourceTree = "<group>"; };
		F4DC2566297838310009A20D /* AllPairUIModel.swift */ = {isa = PBXFileReference; fileEncoding = 4; lastKnownFileType = sourcecode.swift; path = AllPairUIModel.swift; sourceTree = "<group>"; };
		F4DC2567297838310009A20D /* ProfileUIModel.swift */ = {isa = PBXFileReference; fileEncoding = 4; lastKnownFileType = sourcecode.swift; path = ProfileUIModel.swift; sourceTree = "<group>"; };
		F4DC2569297838310009A20D /* AllPairModel.swift */ = {isa = PBXFileReference; fileEncoding = 4; lastKnownFileType = sourcecode.swift; path = AllPairModel.swift; sourceTree = "<group>"; };
/* End PBXFileReference section */

/* Begin PBXFrameworksBuildPhase section */
		F4DC2549297837F70009A20D /* Frameworks */ = {
			isa = PBXFrameworksBuildPhase;
			buildActionMask = 2147483647;
			files = (
				8B9FCD249BF4F074DE434C59 /* Pods_CoreModel.framework in Frameworks */,
				F4DC2572297838420009A20D /* CoreExtension in Frameworks */,
			);
			runOnlyForDeploymentPostprocessing = 0;
		};
/* End PBXFrameworksBuildPhase section */

/* Begin PBXGroup section */
		C19BD51A87FDFD65F8BAC2DB /* Pods */ = {
			isa = PBXGroup;
			children = (
				70C160D0F65269E34F33E826 /* Pods-CoreModel.debug.xcconfig */,
				8CEEEEF509DDEB837D944C22 /* Pods-CoreModel.release.xcconfig */,
			);
			name = Pods;
			path = ../../Pods;
			sourceTree = "<group>";
		};
		F4DC2542297837F70009A20D = {
			isa = PBXGroup;
			children = (
				F4DC254E297837F70009A20D /* CoreModel */,
				F4DC254D297837F70009A20D /* Products */,
				C19BD51A87FDFD65F8BAC2DB /* Pods */,
				FE3E06A5AB8008B786B23A4F /* Frameworks */,
			);
			sourceTree = "<group>";
		};
		F4DC254D297837F70009A20D /* Products */ = {
			isa = PBXGroup;
			children = (
				F4DC254C297837F70009A20D /* CoreModel.framework */,
			);
			name = Products;
			sourceTree = "<group>";
		};
		F4DC254E297837F70009A20D /* CoreModel */ = {
			isa = PBXGroup;
			children = (
				F4DC2568297838310009A20D /* Domain */,
				F4DC2560297838310009A20D /* Entity */,
				F4DC2563297838310009A20D /* ResponseModel */,
				F4DC2565297838310009A20D /* UIModel */,
			);
			path = CoreModel;
			sourceTree = "<group>";
		};
		F4DC2560297838310009A20D /* Entity */ = {
			isa = PBXGroup;
			children = (
				F4DC2561297838310009A20D /* AllPairEntity.swift */,
				F4DC2562297838310009A20D /* ProfileEntity.swift */,
			);
			path = Entity;
			sourceTree = "<group>";
		};
		F4DC2563297838310009A20D /* ResponseModel */ = {
			isa = PBXGroup;
			children = (
				F4DC2564297838310009A20D /* AllPairResponse.swift */,
			);
			path = ResponseModel;
			sourceTree = "<group>";
		};
		F4DC2565297838310009A20D /* UIModel */ = {
			isa = PBXGroup;
			children = (
				F4DC2566297838310009A20D /* AllPairUIModel.swift */,
				F4DC2567297838310009A20D /* ProfileUIModel.swift */,
			);
			path = UIModel;
			sourceTree = "<group>";
		};
		F4DC2568297838310009A20D /* Domain */ = {
			isa = PBXGroup;
			children = (
				F4DC2569297838310009A20D /* AllPairModel.swift */,
			);
			path = Domain;
			sourceTree = "<group>";
		};
		FE3E06A5AB8008B786B23A4F /* Frameworks */ = {
			isa = PBXGroup;
			children = (
				73B9E6A383E5B08BEC091A6B /* Pods_CoreModel.framework */,
			);
			name = Frameworks;
			sourceTree = "<group>";
		};
/* End PBXGroup section */

/* Begin PBXHeadersBuildPhase section */
		F4DC2547297837F70009A20D /* Headers */ = {
			isa = PBXHeadersBuildPhase;
			buildActionMask = 2147483647;
			files = (
			);
			runOnlyForDeploymentPostprocessing = 0;
		};
/* End PBXHeadersBuildPhase section */

/* Begin PBXNativeTarget section */
		F4DC254B297837F70009A20D /* CoreModel */ = {
			isa = PBXNativeTarget;
			buildConfigurationList = F4DC2555297837F70009A20D /* Build configuration list for PBXNativeTarget "CoreModel" */;
			buildPhases = (
				92E593B6406E109D5A939C76 /* [CP] Check Pods Manifest.lock */,
				F4DC2547297837F70009A20D /* Headers */,
				F4DC2548297837F70009A20D /* Sources */,
				F4DC2549297837F70009A20D /* Frameworks */,
				F4DC254A297837F70009A20D /* Resources */,
			);
			buildRules = (
			);
			dependencies = (
			);
			name = CoreModel;
			packageProductDependencies = (
				F4DC2571297838420009A20D /* CoreExtension */,
			);
			productName = CoreModel;
			productReference = F4DC254C297837F70009A20D /* CoreModel.framework */;
			productType = "com.apple.product-type.framework";
		};
/* End PBXNativeTarget section */

/* Begin PBXProject section */
		F4DC2543297837F70009A20D /* Project object */ = {
			isa = PBXProject;
			attributes = {
				BuildIndependentTargetsInParallel = 1;
				LastUpgradeCheck = 1400;
				TargetAttributes = {
					F4DC254B297837F70009A20D = {
						CreatedOnToolsVersion = 14.0;
					};
				};
			};
			buildConfigurationList = F4DC2546297837F70009A20D /* Build configuration list for PBXProject "CoreModel" */;
			compatibilityVersion = "Xcode 14.0";
			developmentRegion = en;
			hasScannedForEncodings = 0;
			knownRegions = (
				en,
				Base,
			);
			mainGroup = F4DC2542297837F70009A20D;
			packageReferences = (
				F4DC2570297838420009A20D /* XCRemoteSwiftPackageReference "BECoreExtension" */,
			);
			productRefGroup = F4DC254D297837F70009A20D /* Products */;
			projectDirPath = "";
			projectRoot = "";
			targets = (
				F4DC254B297837F70009A20D /* CoreModel */,
			);
		};
/* End PBXProject section */

/* Begin PBXResourcesBuildPhase section */
		F4DC254A297837F70009A20D /* Resources */ = {
			isa = PBXResourcesBuildPhase;
			buildActionMask = 2147483647;
			files = (
			);
			runOnlyForDeploymentPostprocessing = 0;
		};
/* End PBXResourcesBuildPhase section */

/* Begin PBXShellScriptBuildPhase section */
		92E593B6406E109D5A939C76 /* [CP] Check Pods Manifest.lock */ = {
			isa = PBXShellScriptBuildPhase;
			buildActionMask = 2147483647;
			files = (
			);
			inputFileListPaths = (
			);
			inputPaths = (
				"${PODS_PODFILE_DIR_PATH}/Podfile.lock",
				"${PODS_ROOT}/Manifest.lock",
			);
			name = "[CP] Check Pods Manifest.lock";
			outputFileListPaths = (
			);
			outputPaths = (
				"$(DERIVED_FILE_DIR)/Pods-CoreModel-checkManifestLockResult.txt",
			);
			runOnlyForDeploymentPostprocessing = 0;
			shellPath = /bin/sh;
			shellScript = "diff \"${PODS_PODFILE_DIR_PATH}/Podfile.lock\" \"${PODS_ROOT}/Manifest.lock\" > /dev/null\nif [ $? != 0 ] ; then\n    # print error to STDERR\n    echo \"error: The sandbox is not in sync with the Podfile.lock. Run 'pod install' or update your CocoaPods installation.\" >&2\n    exit 1\nfi\n# This output is used by Xcode 'outputs' to avoid re-running this script phase.\necho \"SUCCESS\" > \"${SCRIPT_OUTPUT_FILE_0}\"\n";
			showEnvVarsInLog = 0;
		};
/* End PBXShellScriptBuildPhase section */

/* Begin PBXSourcesBuildPhase section */
		F4DC2548297837F70009A20D /* Sources */ = {
			isa = PBXSourcesBuildPhase;
			buildActionMask = 2147483647;
			files = (
				F4DC256B297838310009A20D /* ProfileEntity.swift in Sources */,
				F4DC256E297838310009A20D /* ProfileUIModel.swift in Sources */,
				F4DC256A297838310009A20D /* AllPairEntity.swift in Sources */,
				F4DC256C297838310009A20D /* AllPairResponse.swift in Sources */,
				F4DC256D297838310009A20D /* AllPairUIModel.swift in Sources */,
				F4DC256F297838310009A20D /* AllPairModel.swift in Sources */,
			);
			runOnlyForDeploymentPostprocessing = 0;
		};
/* End PBXSourcesBuildPhase section */

/* Begin XCBuildConfiguration section */
		F4DC2553297837F70009A20D /* Debug */ = {
			isa = XCBuildConfiguration;
			buildSettings = {
				ALWAYS_SEARCH_USER_PATHS = NO;
				CLANG_ANALYZER_NONNULL = YES;
				CLANG_ANALYZER_NUMBER_OBJECT_CONVERSION = YES_AGGRESSIVE;
				CLANG_CXX_LANGUAGE_STANDARD = "gnu++20";
				CLANG_ENABLE_MODULES = YES;
				CLANG_ENABLE_OBJC_ARC = YES;
				CLANG_ENABLE_OBJC_WEAK = YES;
				CLANG_WARN_BLOCK_CAPTURE_AUTORELEASING = YES;
				CLANG_WARN_BOOL_CONVERSION = YES;
				CLANG_WARN_COMMA = YES;
				CLANG_WARN_CONSTANT_CONVERSION = YES;
				CLANG_WARN_DEPRECATED_OBJC_IMPLEMENTATIONS = YES;
				CLANG_WARN_DIRECT_OBJC_ISA_USAGE = YES_ERROR;
				CLANG_WARN_DOCUMENTATION_COMMENTS = YES;
				CLANG_WARN_EMPTY_BODY = YES;
				CLANG_WARN_ENUM_CONVERSION = YES;
				CLANG_WARN_INFINITE_RECURSION = YES;
				CLANG_WARN_INT_CONVERSION = YES;
				CLANG_WARN_NON_LITERAL_NULL_CONVERSION = YES;
				CLANG_WARN_OBJC_IMPLICIT_RETAIN_SELF = YES;
				CLANG_WARN_OBJC_LITERAL_CONVERSION = YES;
				CLANG_WARN_OBJC_ROOT_CLASS = YES_ERROR;
				CLANG_WARN_QUOTED_INCLUDE_IN_FRAMEWORK_HEADER = YES;
				CLANG_WARN_RANGE_LOOP_ANALYSIS = YES;
				CLANG_WARN_STRICT_PROTOTYPES = YES;
				CLANG_WARN_SUSPICIOUS_MOVE = YES;
				CLANG_WARN_UNGUARDED_AVAILABILITY = YES_AGGRESSIVE;
				CLANG_WARN_UNREACHABLE_CODE = YES;
				CLANG_WARN__DUPLICATE_METHOD_MATCH = YES;
				COPY_PHASE_STRIP = NO;
				CURRENT_PROJECT_VERSION = 1;
				DEBUG_INFORMATION_FORMAT = dwarf;
				ENABLE_STRICT_OBJC_MSGSEND = YES;
				ENABLE_TESTABILITY = YES;
				GCC_C_LANGUAGE_STANDARD = gnu11;
				GCC_DYNAMIC_NO_PIC = NO;
				GCC_NO_COMMON_BLOCKS = YES;
				GCC_OPTIMIZATION_LEVEL = 0;
				GCC_PREPROCESSOR_DEFINITIONS = (
					"DEBUG=1",
					"$(inherited)",
				);
				GCC_WARN_64_TO_32_BIT_CONVERSION = YES;
				GCC_WARN_ABOUT_RETURN_TYPE = YES_ERROR;
				GCC_WARN_UNDECLARED_SELECTOR = YES;
				GCC_WARN_UNINITIALIZED_AUTOS = YES_AGGRESSIVE;
				GCC_WARN_UNUSED_FUNCTION = YES;
				GCC_WARN_UNUSED_VARIABLE = YES;
				IPHONEOS_DEPLOYMENT_TARGET = 13.0;
				MTL_ENABLE_DEBUG_INFO = INCLUDE_SOURCE;
				MTL_FAST_MATH = YES;
				ONLY_ACTIVE_ARCH = YES;
				SDKROOT = iphoneos;
				SWIFT_ACTIVE_COMPILATION_CONDITIONS = DEBUG;
				SWIFT_OPTIMIZATION_LEVEL = "-Onone";
				VERSIONING_SYSTEM = "apple-generic";
				VERSION_INFO_PREFIX = "";
			};
			name = Debug;
		};
		F4DC2554297837F70009A20D /* Release */ = {
			isa = XCBuildConfiguration;
			buildSettings = {
				ALWAYS_SEARCH_USER_PATHS = NO;
				CLANG_ANALYZER_NONNULL = YES;
				CLANG_ANALYZER_NUMBER_OBJECT_CONVERSION = YES_AGGRESSIVE;
				CLANG_CXX_LANGUAGE_STANDARD = "gnu++20";
				CLANG_ENABLE_MODULES = YES;
				CLANG_ENABLE_OBJC_ARC = YES;
				CLANG_ENABLE_OBJC_WEAK = YES;
				CLANG_WARN_BLOCK_CAPTURE_AUTORELEASING = YES;
				CLANG_WARN_BOOL_CONVERSION = YES;
				CLANG_WARN_COMMA = YES;
				CLANG_WARN_CONSTANT_CONVERSION = YES;
				CLANG_WARN_DEPRECATED_OBJC_IMPLEMENTATIONS = YES;
				CLANG_WARN_DIRECT_OBJC_ISA_USAGE = YES_ERROR;
				CLANG_WARN_DOCUMENTATION_COMMENTS = YES;
				CLANG_WARN_EMPTY_BODY = YES;
				CLANG_WARN_ENUM_CONVERSION = YES;
				CLANG_WARN_INFINITE_RECURSION = YES;
				CLANG_WARN_INT_CONVERSION = YES;
				CLANG_WARN_NON_LITERAL_NULL_CONVERSION = YES;
				CLANG_WARN_OBJC_IMPLICIT_RETAIN_SELF = YES;
				CLANG_WARN_OBJC_LITERAL_CONVERSION = YES;
				CLANG_WARN_OBJC_ROOT_CLASS = YES_ERROR;
				CLANG_WARN_QUOTED_INCLUDE_IN_FRAMEWORK_HEADER = YES;
				CLANG_WARN_RANGE_LOOP_ANALYSIS = YES;
				CLANG_WARN_STRICT_PROTOTYPES = YES;
				CLANG_WARN_SUSPICIOUS_MOVE = YES;
				CLANG_WARN_UNGUARDED_AVAILABILITY = YES_AGGRESSIVE;
				CLANG_WARN_UNREACHABLE_CODE = YES;
				CLANG_WARN__DUPLICATE_METHOD_MATCH = YES;
				COPY_PHASE_STRIP = NO;
				CURRENT_PROJECT_VERSION = 1;
				DEBUG_INFORMATION_FORMAT = "dwarf-with-dsym";
				ENABLE_NS_ASSERTIONS = NO;
				ENABLE_STRICT_OBJC_MSGSEND = YES;
				GCC_C_LANGUAGE_STANDARD = gnu11;
				GCC_NO_COMMON_BLOCKS = YES;
				GCC_WARN_64_TO_32_BIT_CONVERSION = YES;
				GCC_WARN_ABOUT_RETURN_TYPE = YES_ERROR;
				GCC_WARN_UNDECLARED_SELECTOR = YES;
				GCC_WARN_UNINITIALIZED_AUTOS = YES_AGGRESSIVE;
				GCC_WARN_UNUSED_FUNCTION = YES;
				GCC_WARN_UNUSED_VARIABLE = YES;
				IPHONEOS_DEPLOYMENT_TARGET = 13.0;
				MTL_ENABLE_DEBUG_INFO = NO;
				MTL_FAST_MATH = YES;
				SDKROOT = iphoneos;
				SWIFT_COMPILATION_MODE = wholemodule;
				SWIFT_OPTIMIZATION_LEVEL = "-O";
				VALIDATE_PRODUCT = YES;
				VERSIONING_SYSTEM = "apple-generic";
				VERSION_INFO_PREFIX = "";
			};
			name = Release;
		};
		F4DC2556297837F70009A20D /* Debug */ = {
			isa = XCBuildConfiguration;
			baseConfigurationReference = 70C160D0F65269E34F33E826 /* Pods-CoreModel.debug.xcconfig */;
			buildSettings = {
				CODE_SIGN_STYLE = Automatic;
				CURRENT_PROJECT_VERSION = 1;
				DEFINES_MODULE = YES;
				DEVELOPMENT_TEAM = 26SCPNUJUC;
				DYLIB_COMPATIBILITY_VERSION = 1;
				DYLIB_CURRENT_VERSION = 1;
				DYLIB_INSTALL_NAME_BASE = "@rpath";
				GENERATE_INFOPLIST_FILE = YES;
				INFOPLIST_KEY_NSHumanReadableCopyright = "";
				INSTALL_PATH = "$(LOCAL_LIBRARY_DIR)/Frameworks";
				LD_RUNPATH_SEARCH_PATHS = (
					"$(inherited)",
					"@executable_path/Frameworks",
					"@loader_path/Frameworks",
				);
				MARKETING_VERSION = 1.0;
				PRODUCT_BUNDLE_IDENTIFIER = com.dicoding.expert.CoreModel;
				PRODUCT_NAME = "$(TARGET_NAME:c99extidentifier)";
				SKIP_INSTALL = YES;
				SWIFT_EMIT_LOC_STRINGS = YES;
				SWIFT_VERSION = 5.0;
				TARGETED_DEVICE_FAMILY = "1,2";
			};
			name = Debug;
		};
		F4DC2557297837F70009A20D /* Release */ = {
			isa = XCBuildConfiguration;
			baseConfigurationReference = 8CEEEEF509DDEB837D944C22 /* Pods-CoreModel.release.xcconfig */;
			buildSettings = {
				CODE_SIGN_STYLE = Automatic;
				CURRENT_PROJECT_VERSION = 1;
				DEFINES_MODULE = YES;
				DEVELOPMENT_TEAM = 26SCPNUJUC;
				DYLIB_COMPATIBILITY_VERSION = 1;
				DYLIB_CURRENT_VERSION = 1;
				DYLIB_INSTALL_NAME_BASE = "@rpath";
				GENERATE_INFOPLIST_FILE = YES;
				INFOPLIST_KEY_NSHumanReadableCopyright = "";
				INSTALL_PATH = "$(LOCAL_LIBRARY_DIR)/Frameworks";
				LD_RUNPATH_SEARCH_PATHS = (
					"$(inherited)",
					"@executable_path/Frameworks",
					"@loader_path/Frameworks",
				);
				MARKETING_VERSION = 1.0;
				PRODUCT_BUNDLE_IDENTIFIER = com.dicoding.expert.CoreModel;
				PRODUCT_NAME = "$(TARGET_NAME:c99extidentifier)";
				SKIP_INSTALL = YES;
				SWIFT_EMIT_LOC_STRINGS = YES;
				SWIFT_VERSION = 5.0;
				TARGETED_DEVICE_FAMILY = "1,2";
			};
			name = Release;
		};
/* End XCBuildConfiguration section */

/* Begin XCConfigurationList section */
		F4DC2546297837F70009A20D /* Build configuration list for PBXProject "CoreModel" */ = {
			isa = XCConfigurationList;
			buildConfigurations = (
				F4DC2553297837F70009A20D /* Debug */,
				F4DC2554297837F70009A20D /* Release */,
			);
			defaultConfigurationIsVisible = 0;
			defaultConfigurationName = Release;
		};
		F4DC2555297837F70009A20D /* Build configuration list for PBXNativeTarget "CoreModel" */ = {
			isa = XCConfigurationList;
			buildConfigurations = (
				F4DC2556297837F70009A20D /* Debug */,
				F4DC2557297837F70009A20D /* Release */,
			);
			defaultConfigurationIsVisible = 0;
			defaultConfigurationName = Release;
		};
/* End XCConfigurationList section */

/* Begin XCRemoteSwiftPackageReference section */
		F4DC2570297838420009A20D /* XCRemoteSwiftPackageReference "BECoreExtension" */ = {
			isa = XCRemoteSwiftPackageReference;
			repositoryURL = "https://github.com/benayaokta/BECoreExtension";
			requirement = {
				branch = main;
				kind = branch;
			};
		};
/* End XCRemoteSwiftPackageReference section */

/* Begin XCSwiftPackageProductDependency section */
		F4DC2571297838420009A20D /* CoreExtension */ = {
			isa = XCSwiftPackageProductDependency;
			package = F4DC2570297838420009A20D /* XCRemoteSwiftPackageReference "BECoreExtension" */;
			productName = CoreExtension;
		};
/* End XCSwiftPackageProductDependency section */
	};
	rootObject = F4DC2543297837F70009A20D /* Project object */;
}
