// !$*UTF8*$!
{
	archiveVersion = 1;
	classes = {
	};
	objectVersion = 55;
	objects = {

/* Begin PBXBuildFile section */
		7AA34D25112B7637B8E8C828 /* Pods_CapstoneProject.framework in Frameworks */ = {isa = PBXBuildFile; fileRef = F012EC3C3C7CBBA25AE4F102 /* Pods_CapstoneProject.framework */; };
		C6F17F861F23372099842072 /* Pods_CapstoneProjectTests.framework in Frameworks */ = {isa = PBXBuildFile; fileRef = 584FFE7DC511ABA769E38280 /* Pods_CapstoneProjectTests.framework */; };
		F4042FA3292E60E60031ABFD /* AppDelegate.swift in Sources */ = {isa = PBXBuildFile; fileRef = F4042FA2292E60E60031ABFD /* AppDelegate.swift */; };
		F4042FA5292E60E60031ABFD /* SceneDelegate.swift in Sources */ = {isa = PBXBuildFile; fileRef = F4042FA4292E60E60031ABFD /* SceneDelegate.swift */; };
		F4042FAC292E60E80031ABFD /* Assets.xcassets in Resources */ = {isa = PBXBuildFile; fileRef = F4042FAB292E60E80031ABFD /* Assets.xcassets */; };
		F4042FAF292E60E80031ABFD /* LaunchScreen.storyboard in Resources */ = {isa = PBXBuildFile; fileRef = F4042FAD292E60E80031ABFD /* LaunchScreen.storyboard */; };
		F4338ADA296C7B5000476422 /* CoreExtension in Frameworks */ = {isa = PBXBuildFile; productRef = F4338AD9296C7B5000476422 /* CoreExtension */; };
		F4338AE4296C85A400476422 /* Localizable.strings in Resources */ = {isa = PBXBuildFile; fileRef = F4338AE6296C85A400476422 /* Localizable.strings */; };
		F4DC2517297835130009A20D /* Common.framework in Frameworks */ = {isa = PBXBuildFile; fileRef = F4DC2510297833A70009A20D /* Common.framework */; };
		F4DC2518297835130009A20D /* Common.framework in Embed Frameworks */ = {isa = PBXBuildFile; fileRef = F4DC2510297833A70009A20D /* Common.framework */; settings = {ATTRIBUTES = (CodeSignOnCopy, RemoveHeadersOnCopy, ); }; };
		F4DC2575297838DA0009A20D /* CoreModel.framework in Frameworks */ = {isa = PBXBuildFile; fileRef = F4DC255D297837F80009A20D /* CoreModel.framework */; };
		F4DC2576297838DA0009A20D /* CoreModel.framework in Embed Frameworks */ = {isa = PBXBuildFile; fileRef = F4DC255D297837F80009A20D /* CoreModel.framework */; settings = {ATTRIBUTES = (CodeSignOnCopy, RemoveHeadersOnCopy, ); }; };
		F4DC25B7297839E50009A20D /* CoreManager.framework in Frameworks */ = {isa = PBXBuildFile; fileRef = F4DC25AE297839A80009A20D /* CoreManager.framework */; };
		F4DC25B8297839E50009A20D /* CoreManager.framework in Embed Frameworks */ = {isa = PBXBuildFile; fileRef = F4DC25AE297839A80009A20D /* CoreManager.framework */; settings = {ATTRIBUTES = (CodeSignOnCopy, RemoveHeadersOnCopy, ); }; };
		F4DC25F029783B800009A20D /* CoreNetwork.framework in Frameworks */ = {isa = PBXBuildFile; fileRef = F4DC25D429783AA80009A20D /* CoreNetwork.framework */; };
		F4DC25F129783B800009A20D /* CoreNetwork.framework in Embed Frameworks */ = {isa = PBXBuildFile; fileRef = F4DC25D429783AA80009A20D /* CoreNetwork.framework */; settings = {ATTRIBUTES = (CodeSignOnCopy, RemoveHeadersOnCopy, ); }; };
		F4E2F6762955A7360009DAC0 /* IQKeyboardManagerSwift in Frameworks */ = {isa = PBXBuildFile; productRef = F4E2F6752955A7360009DAC0 /* IQKeyboardManagerSwift */; };
		F4E2F6792955A7470009DAC0 /* Stevia in Frameworks */ = {isa = PBXBuildFile; productRef = F4E2F6782955A7470009DAC0 /* Stevia */; };
		F4E2F67F2955A76E0009DAC0 /* SDWebImage in Frameworks */ = {isa = PBXBuildFile; productRef = F4E2F67E2955A76E0009DAC0 /* SDWebImage */; };
		F4E2F6822955A7870009DAC0 /* NVActivityIndicatorView in Frameworks */ = {isa = PBXBuildFile; productRef = F4E2F6812955A7870009DAC0 /* NVActivityIndicatorView */; };
		F4E2F6882955A8370009DAC0 /* SnackBar in Frameworks */ = {isa = PBXBuildFile; productRef = F4E2F6872955A8370009DAC0 /* SnackBar */; };
		F4E2F68B2955A8DD0009DAC0 /* Alamofire in Frameworks */ = {isa = PBXBuildFile; productRef = F4E2F68A2955A8DD0009DAC0 /* Alamofire */; };
		F4E2F69D295C917C0009DAC0 /* SDWebImage in Frameworks */ = {isa = PBXBuildFile; productRef = F4E2F69C295C917C0009DAC0 /* SDWebImage */; };
		F4FB55BE2948B64C00790DC7 /* CapstoneProjectTests.swift in Sources */ = {isa = PBXBuildFile; fileRef = F4FB55BD2948B64C00790DC7 /* CapstoneProjectTests.swift */; };
		F4FB55C62948B68100790DC7 /* HomeUseCaseTest.swift in Sources */ = {isa = PBXBuildFile; fileRef = F4FB55C52948B68100790DC7 /* HomeUseCaseTest.swift */; };
/* End PBXBuildFile section */

/* Begin PBXContainerItemProxy section */
		F4DC250F297833A70009A20D /* PBXContainerItemProxy */ = {
			isa = PBXContainerItemProxy;
			containerPortal = F4DC250B297833A60009A20D /* Common.xcodeproj */;
			proxyType = 2;
			remoteGlobalIDString = F4DC24FF297833A60009A20D;
			remoteInfo = Common;
		};
		F4DC255C297837F80009A20D /* PBXContainerItemProxy */ = {
			isa = PBXContainerItemProxy;
			containerPortal = F4DC2558297837F70009A20D /* CoreModel.xcodeproj */;
			proxyType = 2;
			remoteGlobalIDString = F4DC254C297837F70009A20D;
			remoteInfo = CoreModel;
		};
		F4DC25AD297839A80009A20D /* PBXContainerItemProxy */ = {
			isa = PBXContainerItemProxy;
			containerPortal = F4DC25A9297839A80009A20D /* CoreManager.xcodeproj */;
			proxyType = 2;
			remoteGlobalIDString = F4DC259D297839A80009A20D;
			remoteInfo = CoreManager;
		};
		F4DC25D329783AA80009A20D /* PBXContainerItemProxy */ = {
			isa = PBXContainerItemProxy;
			containerPortal = F4DC25CF29783AA80009A20D /* CoreNetwork.xcodeproj */;
			proxyType = 2;
			remoteGlobalIDString = F4DC25C329783AA80009A20D;
			remoteInfo = CoreNetwork;
		};
		F4E54408297853A80024196A /* PBXContainerItemProxy */ = {
			isa = PBXContainerItemProxy;
			containerPortal = F4E54404297853A80024196A /* HomeModule.xcodeproj */;
			proxyType = 2;
			remoteGlobalIDString = F4DC265829783E7B0009A20D;
			remoteInfo = HomeModule;
		};
		F4E54417297853BE0024196A /* PBXContainerItemProxy */ = {
			isa = PBXContainerItemProxy;
			containerPortal = F4E5440E297853B80024196A /* DetailModule.xcodeproj */;
			proxyType = 2;
			remoteGlobalIDString = F4DC263C29783E700009A20D;
			remoteInfo = DetailModule;
		};
		F4E54427297853D20024196A /* PBXContainerItemProxy */ = {
			isa = PBXContainerItemProxy;
			containerPortal = F4E54419297853C40024196A /* FavoriteModule.xcodeproj */;
			proxyType = 2;
			remoteGlobalIDString = F4DC267429783E870009A20D;
			remoteInfo = FavoriteModule;
		};
		F4E5442D297853D80024196A /* PBXContainerItemProxy */ = {
			isa = PBXContainerItemProxy;
			containerPortal = F4E54429297853D80024196A /* ProfileModule.xcodeproj */;
			proxyType = 2;
			remoteGlobalIDString = F4DC260229783C820009A20D;
			remoteInfo = ProfileModule;
		};
		F4FB55BF2948B64C00790DC7 /* PBXContainerItemProxy */ = {
			isa = PBXContainerItemProxy;
			containerPortal = F4042F97292E60E60031ABFD /* Project object */;
			proxyType = 1;
			remoteGlobalIDString = F4042F9E292E60E60031ABFD;
			remoteInfo = CapstoneProject;
		};
/* End PBXContainerItemProxy section */

/* Begin PBXCopyFilesBuildPhase section */
		F4DC2519297835130009A20D /* Embed Frameworks */ = {
			isa = PBXCopyFilesBuildPhase;
			buildActionMask = 2147483647;
			dstPath = "";
			dstSubfolderSpec = 10;
			files = (
				F4DC25F129783B800009A20D /* CoreNetwork.framework in Embed Frameworks */,
				F4DC2518297835130009A20D /* Common.framework in Embed Frameworks */,
				F4DC25B8297839E50009A20D /* CoreManager.framework in Embed Frameworks */,
				F4DC2576297838DA0009A20D /* CoreModel.framework in Embed Frameworks */,
			);
			name = "Embed Frameworks";
			runOnlyForDeploymentPostprocessing = 0;
		};
/* End PBXCopyFilesBuildPhase section */

/* Begin PBXFileReference section */
		1121C8A29A36E0F31DF77C2C /* Pods-CapstoneProjectTests.release.xcconfig */ = {isa = PBXFileReference; includeInIndex = 1; lastKnownFileType = text.xcconfig; name = "Pods-CapstoneProjectTests.release.xcconfig"; path = "Target Support Files/Pods-CapstoneProjectTests/Pods-CapstoneProjectTests.release.xcconfig"; sourceTree = "<group>"; };
		37AE57331E9765B75DE01945 /* Pods-CapstoneProject.debug.xcconfig */ = {isa = PBXFileReference; includeInIndex = 1; lastKnownFileType = text.xcconfig; name = "Pods-CapstoneProject.debug.xcconfig"; path = "Target Support Files/Pods-CapstoneProject/Pods-CapstoneProject.debug.xcconfig"; sourceTree = "<group>"; };
		584FFE7DC511ABA769E38280 /* Pods_CapstoneProjectTests.framework */ = {isa = PBXFileReference; explicitFileType = wrapper.framework; includeInIndex = 0; path = Pods_CapstoneProjectTests.framework; sourceTree = BUILT_PRODUCTS_DIR; };
		DA677E7CEA1CAFCD059BF4E2 /* Pods-CapstoneProject.release.xcconfig */ = {isa = PBXFileReference; includeInIndex = 1; lastKnownFileType = text.xcconfig; name = "Pods-CapstoneProject.release.xcconfig"; path = "Target Support Files/Pods-CapstoneProject/Pods-CapstoneProject.release.xcconfig"; sourceTree = "<group>"; };
		E1320035BE3BF88667C30009 /* Pods-CapstoneProjectTests.debug.xcconfig */ = {isa = PBXFileReference; includeInIndex = 1; lastKnownFileType = text.xcconfig; name = "Pods-CapstoneProjectTests.debug.xcconfig"; path = "Target Support Files/Pods-CapstoneProjectTests/Pods-CapstoneProjectTests.debug.xcconfig"; sourceTree = "<group>"; };
		F012EC3C3C7CBBA25AE4F102 /* Pods_CapstoneProject.framework */ = {isa = PBXFileReference; explicitFileType = wrapper.framework; includeInIndex = 0; path = Pods_CapstoneProject.framework; sourceTree = BUILT_PRODUCTS_DIR; };
		F4042F9F292E60E60031ABFD /* CapstoneProject.app */ = {isa = PBXFileReference; explicitFileType = wrapper.application; includeInIndex = 0; path = CapstoneProject.app; sourceTree = BUILT_PRODUCTS_DIR; };
		F4042FA2292E60E60031ABFD /* AppDelegate.swift */ = {isa = PBXFileReference; lastKnownFileType = sourcecode.swift; path = AppDelegate.swift; sourceTree = "<group>"; };
		F4042FA4292E60E60031ABFD /* SceneDelegate.swift */ = {isa = PBXFileReference; lastKnownFileType = sourcecode.swift; path = SceneDelegate.swift; sourceTree = "<group>"; };
		F4042FAB292E60E80031ABFD /* Assets.xcassets */ = {isa = PBXFileReference; lastKnownFileType = folder.assetcatalog; path = Assets.xcassets; sourceTree = "<group>"; };
		F4042FAE292E60E80031ABFD /* Base */ = {isa = PBXFileReference; lastKnownFileType = file.storyboard; name = Base; path = Base.lproj/LaunchScreen.storyboard; sourceTree = "<group>"; };
		F4042FB0292E60E80031ABFD /* Info.plist */ = {isa = PBXFileReference; lastKnownFileType = text.plist.xml; path = Info.plist; sourceTree = "<group>"; };
		F4338AE5296C85A400476422 /* en */ = {isa = PBXFileReference; lastKnownFileType = text.plist.strings; name = en; path = en.lproj/Localizable.strings; sourceTree = "<group>"; };
		F4338AE8296C864700476422 /* id */ = {isa = PBXFileReference; lastKnownFileType = text.plist.strings; name = id; path = id.lproj/Localizable.strings; sourceTree = "<group>"; };
		F4DC250B297833A60009A20D /* Common.xcodeproj */ = {isa = PBXFileReference; lastKnownFileType = "wrapper.pb-project"; name = Common.xcodeproj; path = Common/Common.xcodeproj; sourceTree = "<group>"; };
		F4DC2558297837F70009A20D /* CoreModel.xcodeproj */ = {isa = PBXFileReference; lastKnownFileType = "wrapper.pb-project"; name = CoreModel.xcodeproj; path = CoreModel/CoreModel.xcodeproj; sourceTree = "<group>"; };
		F4DC25A9297839A80009A20D /* CoreManager.xcodeproj */ = {isa = PBXFileReference; lastKnownFileType = "wrapper.pb-project"; name = CoreManager.xcodeproj; path = CoreManager/CoreManager.xcodeproj; sourceTree = "<group>"; };
		F4DC25CF29783AA80009A20D /* CoreNetwork.xcodeproj */ = {isa = PBXFileReference; lastKnownFileType = "wrapper.pb-project"; name = CoreNetwork.xcodeproj; path = CoreNetwork/CoreNetwork.xcodeproj; sourceTree = "<group>"; };
		F4E54404297853A80024196A /* HomeModule.xcodeproj */ = {isa = PBXFileReference; lastKnownFileType = "wrapper.pb-project"; name = HomeModule.xcodeproj; path = HomeModule/HomeModule.xcodeproj; sourceTree = "<group>"; };
		F4E5440E297853B80024196A /* DetailModule.xcodeproj */ = {isa = PBXFileReference; lastKnownFileType = "wrapper.pb-project"; name = DetailModule.xcodeproj; path = DetailModule/DetailModule.xcodeproj; sourceTree = "<group>"; };
		F4E54419297853C40024196A /* FavoriteModule.xcodeproj */ = {isa = PBXFileReference; lastKnownFileType = "wrapper.pb-project"; name = FavoriteModule.xcodeproj; path = FavoriteModule/FavoriteModule.xcodeproj; sourceTree = "<group>"; };
		F4E54429297853D80024196A /* ProfileModule.xcodeproj */ = {isa = PBXFileReference; lastKnownFileType = "wrapper.pb-project"; name = ProfileModule.xcodeproj; path = ProfileModule/ProfileModule.xcodeproj; sourceTree = "<group>"; };
		F4FB55BB2948B64C00790DC7 /* CapstoneProjectTests.xctest */ = {isa = PBXFileReference; explicitFileType = wrapper.cfbundle; includeInIndex = 0; path = CapstoneProjectTests.xctest; sourceTree = BUILT_PRODUCTS_DIR; };
		F4FB55BD2948B64C00790DC7 /* CapstoneProjectTests.swift */ = {isa = PBXFileReference; lastKnownFileType = sourcecode.swift; path = CapstoneProjectTests.swift; sourceTree = "<group>"; };
		F4FB55C52948B68100790DC7 /* HomeUseCaseTest.swift */ = {isa = PBXFileReference; lastKnownFileType = sourcecode.swift; path = HomeUseCaseTest.swift; sourceTree = "<group>"; };
/* End PBXFileReference section */

/* Begin PBXFrameworksBuildPhase section */
		F4042F9C292E60E60031ABFD /* Frameworks */ = {
			isa = PBXFrameworksBuildPhase;
			buildActionMask = 2147483647;
			files = (
				F4E2F6792955A7470009DAC0 /* Stevia in Frameworks */,
				F4338ADA296C7B5000476422 /* CoreExtension in Frameworks */,
				F4E2F68B2955A8DD0009DAC0 /* Alamofire in Frameworks */,
				F4DC2575297838DA0009A20D /* CoreModel.framework in Frameworks */,
				F4E2F6882955A8370009DAC0 /* SnackBar in Frameworks */,
				F4DC25B7297839E50009A20D /* CoreManager.framework in Frameworks */,
				F4E2F6822955A7870009DAC0 /* NVActivityIndicatorView in Frameworks */,
				F4E2F6762955A7360009DAC0 /* IQKeyboardManagerSwift in Frameworks */,
				F4DC25F029783B800009A20D /* CoreNetwork.framework in Frameworks */,
				F4E2F67F2955A76E0009DAC0 /* SDWebImage in Frameworks */,
				F4DC2517297835130009A20D /* Common.framework in Frameworks */,
				7AA34D25112B7637B8E8C828 /* Pods_CapstoneProject.framework in Frameworks */,
			);
			runOnlyForDeploymentPostprocessing = 0;
		};
		F4FB55B82948B64C00790DC7 /* Frameworks */ = {
			isa = PBXFrameworksBuildPhase;
			buildActionMask = 2147483647;
			files = (
				F4E2F69D295C917C0009DAC0 /* SDWebImage in Frameworks */,
				C6F17F861F23372099842072 /* Pods_CapstoneProjectTests.framework in Frameworks */,
			);
			runOnlyForDeploymentPostprocessing = 0;
		};
/* End PBXFrameworksBuildPhase section */

/* Begin PBXGroup section */
		7C3F251575AC69F33EB074F4 /* Pods */ = {
			isa = PBXGroup;
			children = (
				37AE57331E9765B75DE01945 /* Pods-CapstoneProject.debug.xcconfig */,
				DA677E7CEA1CAFCD059BF4E2 /* Pods-CapstoneProject.release.xcconfig */,
				E1320035BE3BF88667C30009 /* Pods-CapstoneProjectTests.debug.xcconfig */,
				1121C8A29A36E0F31DF77C2C /* Pods-CapstoneProjectTests.release.xcconfig */,
			);
			path = Pods;
			sourceTree = "<group>";
		};
		DC9ABFFA4D53430B4EF19A5B /* Frameworks */ = {
			isa = PBXGroup;
			children = (
				F012EC3C3C7CBBA25AE4F102 /* Pods_CapstoneProject.framework */,
				584FFE7DC511ABA769E38280 /* Pods_CapstoneProjectTests.framework */,
			);
			name = Frameworks;
			sourceTree = "<group>";
		};
		F4042F96292E60E60031ABFD = {
			isa = PBXGroup;
			children = (
				F4042FA1292E60E60031ABFD /* CapstoneProject */,
				F4FB55BC2948B64C00790DC7 /* CapstoneProjectTests */,
				F4042FA0292E60E60031ABFD /* Products */,
				7C3F251575AC69F33EB074F4 /* Pods */,
				DC9ABFFA4D53430B4EF19A5B /* Frameworks */,
			);
			sourceTree = "<group>";
		};
		F4042FA0292E60E60031ABFD /* Products */ = {
			isa = PBXGroup;
			children = (
				F4042F9F292E60E60031ABFD /* CapstoneProject.app */,
				F4FB55BB2948B64C00790DC7 /* CapstoneProjectTests.xctest */,
			);
			name = Products;
			sourceTree = "<group>";
		};
		F4042FA1292E60E60031ABFD /* CapstoneProject */ = {
			isa = PBXGroup;
			children = (
				F4042FB6292E61F10031ABFD /* App */,
				F4DC25A9297839A80009A20D /* CoreManager.xcodeproj */,
				F4DC2558297837F70009A20D /* CoreModel.xcodeproj */,
				F4DC25CF29783AA80009A20D /* CoreNetwork.xcodeproj */,
				F4DC250B297833A60009A20D /* Common.xcodeproj */,
				F4042FBD292E64E10031ABFD /* Module */,
				F4042FAB292E60E80031ABFD /* Assets.xcassets */,
				F4338AE6296C85A400476422 /* Localizable.strings */,
				F4042FAD292E60E80031ABFD /* LaunchScreen.storyboard */,
				F4042FB0292E60E80031ABFD /* Info.plist */,
			);
			path = CapstoneProject;
			sourceTree = "<group>";
		};
		F4042FB6292E61F10031ABFD /* App */ = {
			isa = PBXGroup;
			children = (
				F4042FA2292E60E60031ABFD /* AppDelegate.swift */,
				F4042FA4292E60E60031ABFD /* SceneDelegate.swift */,
			);
			path = App;
			sourceTree = "<group>";
		};
		F4042FBD292E64E10031ABFD /* Module */ = {
			isa = PBXGroup;
			children = (
				F4E54404297853A80024196A /* HomeModule.xcodeproj */,
				F4E5440E297853B80024196A /* DetailModule.xcodeproj */,
				F4E54419297853C40024196A /* FavoriteModule.xcodeproj */,
				F4E54429297853D80024196A /* ProfileModule.xcodeproj */,
			);
			path = Module;
			sourceTree = "<group>";
		};
		F4DC250C297833A60009A20D /* Products */ = {
			isa = PBXGroup;
			children = (
				F4DC2510297833A70009A20D /* Common.framework */,
			);
			name = Products;
			sourceTree = "<group>";
		};
		F4DC2559297837F70009A20D /* Products */ = {
			isa = PBXGroup;
			children = (
				F4DC255D297837F80009A20D /* CoreModel.framework */,
			);
			name = Products;
			sourceTree = "<group>";
		};
		F4DC25AA297839A80009A20D /* Products */ = {
			isa = PBXGroup;
			children = (
				F4DC25AE297839A80009A20D /* CoreManager.framework */,
			);
			name = Products;
			sourceTree = "<group>";
		};
		F4DC25D029783AA80009A20D /* Products */ = {
			isa = PBXGroup;
			children = (
				F4DC25D429783AA80009A20D /* CoreNetwork.framework */,
			);
			name = Products;
			sourceTree = "<group>";
		};
		F4E54405297853A80024196A /* Products */ = {
			isa = PBXGroup;
			children = (
				F4E54409297853A80024196A /* HomeModule.framework */,
			);
			name = Products;
			sourceTree = "<group>";
		};
		F4E54414297853BE0024196A /* Products */ = {
			isa = PBXGroup;
			children = (
				F4E54418297853BE0024196A /* DetailModule.framework */,
			);
			name = Products;
			sourceTree = "<group>";
		};
		F4E54424297853D20024196A /* Products */ = {
			isa = PBXGroup;
			children = (
				F4E54428297853D20024196A /* FavoriteModule.framework */,
			);
			name = Products;
			sourceTree = "<group>";
		};
		F4E5442A297853D80024196A /* Products */ = {
			isa = PBXGroup;
			children = (
				F4E5442E297853D80024196A /* ProfileModule.framework */,
			);
			name = Products;
			sourceTree = "<group>";
		};
		F4FB55BC2948B64C00790DC7 /* CapstoneProjectTests */ = {
			isa = PBXGroup;
			children = (
				F4FB55C42948B67000790DC7 /* Domain */,
				F4FB55BD2948B64C00790DC7 /* CapstoneProjectTests.swift */,
			);
			path = CapstoneProjectTests;
			sourceTree = "<group>";
		};
		F4FB55C42948B67000790DC7 /* Domain */ = {
			isa = PBXGroup;
			children = (
				F4FB55C52948B68100790DC7 /* HomeUseCaseTest.swift */,
			);
			path = Domain;
			sourceTree = "<group>";
		};
/* End PBXGroup section */

/* Begin PBXNativeTarget section */
		F4042F9E292E60E60031ABFD /* CapstoneProject */ = {
			isa = PBXNativeTarget;
			buildConfigurationList = F4042FB3292E60E80031ABFD /* Build configuration list for PBXNativeTarget "CapstoneProject" */;
			buildPhases = (
				42F660AB22A3808E7D3F2640 /* [CP] Check Pods Manifest.lock */,
				F4042F9B292E60E60031ABFD /* Sources */,
				F4042F9C292E60E60031ABFD /* Frameworks */,
				F4042F9D292E60E60031ABFD /* Resources */,
				F4B0B32729423E27007442C9 /* ShellScript */,
				F4DC2519297835130009A20D /* Embed Frameworks */,
			);
			buildRules = (
			);
			dependencies = (
			);
			name = CapstoneProject;
			packageProductDependencies = (
				F4E2F6752955A7360009DAC0 /* IQKeyboardManagerSwift */,
				F4E2F6782955A7470009DAC0 /* Stevia */,
				F4E2F67E2955A76E0009DAC0 /* SDWebImage */,
				F4E2F6812955A7870009DAC0 /* NVActivityIndicatorView */,
				F4E2F6872955A8370009DAC0 /* SnackBar */,
				F4E2F68A2955A8DD0009DAC0 /* Alamofire */,
				F4338AD9296C7B5000476422 /* CoreExtension */,
			);
			productName = CapstoneProject;
			productReference = F4042F9F292E60E60031ABFD /* CapstoneProject.app */;
			productType = "com.apple.product-type.application";
		};
		F4FB55BA2948B64C00790DC7 /* CapstoneProjectTests */ = {
			isa = PBXNativeTarget;
			buildConfigurationList = F4FB55C12948B64D00790DC7 /* Build configuration list for PBXNativeTarget "CapstoneProjectTests" */;
			buildPhases = (
				18589EC65705AC97B5987265 /* [CP] Check Pods Manifest.lock */,
				F4FB55B72948B64C00790DC7 /* Sources */,
				F4FB55B82948B64C00790DC7 /* Frameworks */,
				F4FB55B92948B64C00790DC7 /* Resources */,
			);
			buildRules = (
			);
			dependencies = (
				F4FB55C02948B64C00790DC7 /* PBXTargetDependency */,
			);
			name = CapstoneProjectTests;
			packageProductDependencies = (
				F4E2F69C295C917C0009DAC0 /* SDWebImage */,
			);
			productName = CapstoneProjectTests;
			productReference = F4FB55BB2948B64C00790DC7 /* CapstoneProjectTests.xctest */;
			productType = "com.apple.product-type.bundle.unit-test";
		};
/* End PBXNativeTarget section */

/* Begin PBXProject section */
		F4042F97292E60E60031ABFD /* Project object */ = {
			isa = PBXProject;
			attributes = {
				BuildIndependentTargetsInParallel = 1;
				LastSwiftUpdateCheck = 1400;
				LastUpgradeCheck = 1400;
				TargetAttributes = {
					F4042F9E292E60E60031ABFD = {
						CreatedOnToolsVersion = 14.0;
					};
					F4FB55BA2948B64C00790DC7 = {
						CreatedOnToolsVersion = 14.0;
						TestTargetID = F4042F9E292E60E60031ABFD;
					};
				};
			};
			buildConfigurationList = F4042F9A292E60E60031ABFD /* Build configuration list for PBXProject "CapstoneProject" */;
			compatibilityVersion = "Xcode 13.0";
			developmentRegion = en;
			hasScannedForEncodings = 0;
			knownRegions = (
				en,
				Base,
				id,
			);
			mainGroup = F4042F96292E60E60031ABFD;
			packageReferences = (
				F4E2F6742955A7360009DAC0 /* XCRemoteSwiftPackageReference "IQKeyboardManager" */,
				F4E2F6772955A7470009DAC0 /* XCRemoteSwiftPackageReference "Stevia" */,
				F4E2F67D2955A76E0009DAC0 /* XCRemoteSwiftPackageReference "SDWebImage" */,
				F4E2F6802955A7870009DAC0 /* XCRemoteSwiftPackageReference "NVActivityIndicatorView" */,
				F4E2F6862955A8370009DAC0 /* XCRemoteSwiftPackageReference "SnackBar" */,
				F4E2F6892955A8DD0009DAC0 /* XCRemoteSwiftPackageReference "Alamofire" */,
				F4338AD8296C7B4F00476422 /* XCRemoteSwiftPackageReference "BECoreExtension" */,
			);
			productRefGroup = F4042FA0292E60E60031ABFD /* Products */;
			projectDirPath = "";
			projectReferences = (
				{
					ProductGroup = F4DC250C297833A60009A20D /* Products */;
					ProjectRef = F4DC250B297833A60009A20D /* Common.xcodeproj */;
				},
				{
					ProductGroup = F4DC25AA297839A80009A20D /* Products */;
					ProjectRef = F4DC25A9297839A80009A20D /* CoreManager.xcodeproj */;
				},
				{
					ProductGroup = F4DC2559297837F70009A20D /* Products */;
					ProjectRef = F4DC2558297837F70009A20D /* CoreModel.xcodeproj */;
				},
				{
					ProductGroup = F4DC25D029783AA80009A20D /* Products */;
					ProjectRef = F4DC25CF29783AA80009A20D /* CoreNetwork.xcodeproj */;
				},
				{
					ProductGroup = F4E54414297853BE0024196A /* Products */;
					ProjectRef = F4E5440E297853B80024196A /* DetailModule.xcodeproj */;
				},
				{
					ProductGroup = F4E54424297853D20024196A /* Products */;
					ProjectRef = F4E54419297853C40024196A /* FavoriteModule.xcodeproj */;
				},
				{
					ProductGroup = F4E54405297853A80024196A /* Products */;
					ProjectRef = F4E54404297853A80024196A /* HomeModule.xcodeproj */;
				},
				{
					ProductGroup = F4E5442A297853D80024196A /* Products */;
					ProjectRef = F4E54429297853D80024196A /* ProfileModule.xcodeproj */;
				},
			);
			projectRoot = "";
			targets = (
				F4042F9E292E60E60031ABFD /* CapstoneProject */,
				F4FB55BA2948B64C00790DC7 /* CapstoneProjectTests */,
			);
		};
/* End PBXProject section */

/* Begin PBXReferenceProxy section */
		F4DC2510297833A70009A20D /* Common.framework */ = {
			isa = PBXReferenceProxy;
			fileType = wrapper.framework;
			path = Common.framework;
			remoteRef = F4DC250F297833A70009A20D /* PBXContainerItemProxy */;
			sourceTree = BUILT_PRODUCTS_DIR;
		};
		F4DC255D297837F80009A20D /* CoreModel.framework */ = {
			isa = PBXReferenceProxy;
			fileType = wrapper.framework;
			path = CoreModel.framework;
			remoteRef = F4DC255C297837F80009A20D /* PBXContainerItemProxy */;
			sourceTree = BUILT_PRODUCTS_DIR;
		};
		F4DC25AE297839A80009A20D /* CoreManager.framework */ = {
			isa = PBXReferenceProxy;
			fileType = wrapper.framework;
			path = CoreManager.framework;
			remoteRef = F4DC25AD297839A80009A20D /* PBXContainerItemProxy */;
			sourceTree = BUILT_PRODUCTS_DIR;
		};
		F4DC25D429783AA80009A20D /* CoreNetwork.framework */ = {
			isa = PBXReferenceProxy;
			fileType = wrapper.framework;
			path = CoreNetwork.framework;
			remoteRef = F4DC25D329783AA80009A20D /* PBXContainerItemProxy */;
			sourceTree = BUILT_PRODUCTS_DIR;
		};
		F4E54409297853A80024196A /* HomeModule.framework */ = {
			isa = PBXReferenceProxy;
			fileType = wrapper.framework;
			path = HomeModule.framework;
			remoteRef = F4E54408297853A80024196A /* PBXContainerItemProxy */;
			sourceTree = BUILT_PRODUCTS_DIR;
		};
		F4E54418297853BE0024196A /* DetailModule.framework */ = {
			isa = PBXReferenceProxy;
			fileType = wrapper.framework;
			path = DetailModule.framework;
			remoteRef = F4E54417297853BE0024196A /* PBXContainerItemProxy */;
			sourceTree = BUILT_PRODUCTS_DIR;
		};
		F4E54428297853D20024196A /* FavoriteModule.framework */ = {
			isa = PBXReferenceProxy;
			fileType = wrapper.framework;
			path = FavoriteModule.framework;
			remoteRef = F4E54427297853D20024196A /* PBXContainerItemProxy */;
			sourceTree = BUILT_PRODUCTS_DIR;
		};
		F4E5442E297853D80024196A /* ProfileModule.framework */ = {
			isa = PBXReferenceProxy;
			fileType = wrapper.framework;
			path = ProfileModule.framework;
			remoteRef = F4E5442D297853D80024196A /* PBXContainerItemProxy */;
			sourceTree = BUILT_PRODUCTS_DIR;
		};
/* End PBXReferenceProxy section */

/* Begin PBXResourcesBuildPhase section */
		F4042F9D292E60E60031ABFD /* Resources */ = {
			isa = PBXResourcesBuildPhase;
			buildActionMask = 2147483647;
			files = (
				F4042FAF292E60E80031ABFD /* LaunchScreen.storyboard in Resources */,
				F4338AE4296C85A400476422 /* Localizable.strings in Resources */,
				F4042FAC292E60E80031ABFD /* Assets.xcassets in Resources */,
			);
			runOnlyForDeploymentPostprocessing = 0;
		};
		F4FB55B92948B64C00790DC7 /* Resources */ = {
			isa = PBXResourcesBuildPhase;
			buildActionMask = 2147483647;
			files = (
			);
			runOnlyForDeploymentPostprocessing = 0;
		};
/* End PBXResourcesBuildPhase section */

/* Begin PBXShellScriptBuildPhase section */
		18589EC65705AC97B5987265 /* [CP] Check Pods Manifest.lock */ = {
			isa = PBXShellScriptBuildPhase;
			buildActionMask = 2147483647;
			files = (
			);
			inputFileListPaths = (
			);
			inputPaths = (
				"${PODS_PODFILE_DIR_PATH}/Podfile.lock",
				"${PODS_ROOT}/Manifest.lock",
			);
			name = "[CP] Check Pods Manifest.lock";
			outputFileListPaths = (
			);
			outputPaths = (
				"$(DERIVED_FILE_DIR)/Pods-CapstoneProjectTests-checkManifestLockResult.txt",
			);
			runOnlyForDeploymentPostprocessing = 0;
			shellPath = /bin/sh;
			shellScript = "diff \"${PODS_PODFILE_DIR_PATH}/Podfile.lock\" \"${PODS_ROOT}/Manifest.lock\" > /dev/null\nif [ $? != 0 ] ; then\n    # print error to STDERR\n    echo \"error: The sandbox is not in sync with the Podfile.lock. Run 'pod install' or update your CocoaPods installation.\" >&2\n    exit 1\nfi\n# This output is used by Xcode 'outputs' to avoid re-running this script phase.\necho \"SUCCESS\" > \"${SCRIPT_OUTPUT_FILE_0}\"\n";
			showEnvVarsInLog = 0;
		};
		42F660AB22A3808E7D3F2640 /* [CP] Check Pods Manifest.lock */ = {
			isa = PBXShellScriptBuildPhase;
			buildActionMask = 2147483647;
			files = (
			);
			inputFileListPaths = (
			);
			inputPaths = (
				"${PODS_PODFILE_DIR_PATH}/Podfile.lock",
				"${PODS_ROOT}/Manifest.lock",
			);
			name = "[CP] Check Pods Manifest.lock";
			outputFileListPaths = (
			);
			outputPaths = (
				"$(DERIVED_FILE_DIR)/Pods-CapstoneProject-checkManifestLockResult.txt",
			);
			runOnlyForDeploymentPostprocessing = 0;
			shellPath = /bin/sh;
			shellScript = "diff \"${PODS_PODFILE_DIR_PATH}/Podfile.lock\" \"${PODS_ROOT}/Manifest.lock\" > /dev/null\nif [ $? != 0 ] ; then\n    # print error to STDERR\n    echo \"error: The sandbox is not in sync with the Podfile.lock. Run 'pod install' or update your CocoaPods installation.\" >&2\n    exit 1\nfi\n# This output is used by Xcode 'outputs' to avoid re-running this script phase.\necho \"SUCCESS\" > \"${SCRIPT_OUTPUT_FILE_0}\"\n";
			showEnvVarsInLog = 0;
		};
		F4B0B32729423E27007442C9 /* ShellScript */ = {
			isa = PBXShellScriptBuildPhase;
			buildActionMask = 2147483647;
			files = (
			);
			inputFileListPaths = (
			);
			inputPaths = (
			);
			outputFileListPaths = (
			);
			outputPaths = (
			);
			runOnlyForDeploymentPostprocessing = 0;
			shellPath = /bin/sh;
			shellScript = "export PATH=\"$PATH:/opt/homebrew/bin\"\nif which swiftlint > /dev/null; then\n  swiftlint\nelse\n  echo \"warning: SwiftLint not installed, download from https://github.com/realm/SwiftLint\"\nfi\n";
		};
/* End PBXShellScriptBuildPhase section */

/* Begin PBXSourcesBuildPhase section */
		F4042F9B292E60E60031ABFD /* Sources */ = {
			isa = PBXSourcesBuildPhase;
			buildActionMask = 2147483647;
			files = (
				F4042FA3292E60E60031ABFD /* AppDelegate.swift in Sources */,
				F4042FA5292E60E60031ABFD /* SceneDelegate.swift in Sources */,
			);
			runOnlyForDeploymentPostprocessing = 0;
		};
		F4FB55B72948B64C00790DC7 /* Sources */ = {
			isa = PBXSourcesBuildPhase;
			buildActionMask = 2147483647;
			files = (
				F4FB55C62948B68100790DC7 /* HomeUseCaseTest.swift in Sources */,
				F4FB55BE2948B64C00790DC7 /* CapstoneProjectTests.swift in Sources */,
			);
			runOnlyForDeploymentPostprocessing = 0;
		};
/* End PBXSourcesBuildPhase section */

/* Begin PBXTargetDependency section */
		F4FB55C02948B64C00790DC7 /* PBXTargetDependency */ = {
			isa = PBXTargetDependency;
			target = F4042F9E292E60E60031ABFD /* CapstoneProject */;
			targetProxy = F4FB55BF2948B64C00790DC7 /* PBXContainerItemProxy */;
		};
/* End PBXTargetDependency section */

/* Begin PBXVariantGroup section */
		F4042FAD292E60E80031ABFD /* LaunchScreen.storyboard */ = {
			isa = PBXVariantGroup;
			children = (
				F4042FAE292E60E80031ABFD /* Base */,
			);
			name = LaunchScreen.storyboard;
			sourceTree = "<group>";
		};
		F4338AE6296C85A400476422 /* Localizable.strings */ = {
			isa = PBXVariantGroup;
			children = (
				F4338AE5296C85A400476422 /* en */,
				F4338AE8296C864700476422 /* id */,
			);
			name = Localizable.strings;
			sourceTree = "<group>";
		};
/* End PBXVariantGroup section */

/* Begin XCBuildConfiguration section */
		F4042FB1292E60E80031ABFD /* Debug */ = {
			isa = XCBuildConfiguration;
			buildSettings = {
				ALWAYS_SEARCH_USER_PATHS = NO;
				CLANG_ANALYZER_LOCALIZABILITY_NONLOCALIZED = YES;
				CLANG_ANALYZER_NONNULL = YES;
				CLANG_ANALYZER_NUMBER_OBJECT_CONVERSION = YES_AGGRESSIVE;
				CLANG_CXX_LANGUAGE_STANDARD = "gnu++20";
				CLANG_ENABLE_MODULES = YES;
				CLANG_ENABLE_OBJC_ARC = YES;
				CLANG_ENABLE_OBJC_WEAK = YES;
				CLANG_WARN_BLOCK_CAPTURE_AUTORELEASING = YES;
				CLANG_WARN_BOOL_CONVERSION = YES;
				CLANG_WARN_COMMA = YES;
				CLANG_WARN_CONSTANT_CONVERSION = YES;
				CLANG_WARN_DEPRECATED_OBJC_IMPLEMENTATIONS = YES;
				CLANG_WARN_DIRECT_OBJC_ISA_USAGE = YES_ERROR;
				CLANG_WARN_DOCUMENTATION_COMMENTS = YES;
				CLANG_WARN_EMPTY_BODY = YES;
				CLANG_WARN_ENUM_CONVERSION = YES;
				CLANG_WARN_INFINITE_RECURSION = YES;
				CLANG_WARN_INT_CONVERSION = YES;
				CLANG_WARN_NON_LITERAL_NULL_CONVERSION = YES;
				CLANG_WARN_OBJC_IMPLICIT_RETAIN_SELF = YES;
				CLANG_WARN_OBJC_LITERAL_CONVERSION = YES;
				CLANG_WARN_OBJC_ROOT_CLASS = YES_ERROR;
				CLANG_WARN_QUOTED_INCLUDE_IN_FRAMEWORK_HEADER = YES;
				CLANG_WARN_RANGE_LOOP_ANALYSIS = YES;
				CLANG_WARN_STRICT_PROTOTYPES = YES;
				CLANG_WARN_SUSPICIOUS_MOVE = YES;
				CLANG_WARN_UNGUARDED_AVAILABILITY = YES_AGGRESSIVE;
				CLANG_WARN_UNREACHABLE_CODE = YES;
				CLANG_WARN__DUPLICATE_METHOD_MATCH = YES;
				COPY_PHASE_STRIP = NO;
				DEBUG_INFORMATION_FORMAT = dwarf;
				ENABLE_STRICT_OBJC_MSGSEND = YES;
				ENABLE_TESTABILITY = YES;
				GCC_C_LANGUAGE_STANDARD = gnu11;
				GCC_DYNAMIC_NO_PIC = NO;
				GCC_NO_COMMON_BLOCKS = YES;
				GCC_OPTIMIZATION_LEVEL = 0;
				GCC_PREPROCESSOR_DEFINITIONS = (
					"DEBUG=1",
					"$(inherited)",
				);
				GCC_WARN_64_TO_32_BIT_CONVERSION = YES;
				GCC_WARN_ABOUT_RETURN_TYPE = YES_ERROR;
				GCC_WARN_UNDECLARED_SELECTOR = YES;
				GCC_WARN_UNINITIALIZED_AUTOS = YES_AGGRESSIVE;
				GCC_WARN_UNUSED_FUNCTION = YES;
				GCC_WARN_UNUSED_VARIABLE = YES;
				IPHONEOS_DEPLOYMENT_TARGET = 13.0;
				MTL_ENABLE_DEBUG_INFO = INCLUDE_SOURCE;
				MTL_FAST_MATH = YES;
				ONLY_ACTIVE_ARCH = YES;
				SDKROOT = iphoneos;
				SWIFT_ACTIVE_COMPILATION_CONDITIONS = DEBUG;
				SWIFT_OPTIMIZATION_LEVEL = "-Onone";
			};
			name = Debug;
		};
		F4042FB2292E60E80031ABFD /* Release */ = {
			isa = XCBuildConfiguration;
			buildSettings = {
				ALWAYS_SEARCH_USER_PATHS = NO;
				CLANG_ANALYZER_LOCALIZABILITY_NONLOCALIZED = YES;
				CLANG_ANALYZER_NONNULL = YES;
				CLANG_ANALYZER_NUMBER_OBJECT_CONVERSION = YES_AGGRESSIVE;
				CLANG_CXX_LANGUAGE_STANDARD = "gnu++20";
				CLANG_ENABLE_MODULES = YES;
				CLANG_ENABLE_OBJC_ARC = YES;
				CLANG_ENABLE_OBJC_WEAK = YES;
				CLANG_WARN_BLOCK_CAPTURE_AUTORELEASING = YES;
				CLANG_WARN_BOOL_CONVERSION = YES;
				CLANG_WARN_COMMA = YES;
				CLANG_WARN_CONSTANT_CONVERSION = YES;
				CLANG_WARN_DEPRECATED_OBJC_IMPLEMENTATIONS = YES;
				CLANG_WARN_DIRECT_OBJC_ISA_USAGE = YES_ERROR;
				CLANG_WARN_DOCUMENTATION_COMMENTS = YES;
				CLANG_WARN_EMPTY_BODY = YES;
				CLANG_WARN_ENUM_CONVERSION = YES;
				CLANG_WARN_INFINITE_RECURSION = YES;
				CLANG_WARN_INT_CONVERSION = YES;
				CLANG_WARN_NON_LITERAL_NULL_CONVERSION = YES;
				CLANG_WARN_OBJC_IMPLICIT_RETAIN_SELF = YES;
				CLANG_WARN_OBJC_LITERAL_CONVERSION = YES;
				CLANG_WARN_OBJC_ROOT_CLASS = YES_ERROR;
				CLANG_WARN_QUOTED_INCLUDE_IN_FRAMEWORK_HEADER = YES;
				CLANG_WARN_RANGE_LOOP_ANALYSIS = YES;
				CLANG_WARN_STRICT_PROTOTYPES = YES;
				CLANG_WARN_SUSPICIOUS_MOVE = YES;
				CLANG_WARN_UNGUARDED_AVAILABILITY = YES_AGGRESSIVE;
				CLANG_WARN_UNREACHABLE_CODE = YES;
				CLANG_WARN__DUPLICATE_METHOD_MATCH = YES;
				COPY_PHASE_STRIP = NO;
				DEBUG_INFORMATION_FORMAT = "dwarf-with-dsym";
				ENABLE_NS_ASSERTIONS = NO;
				ENABLE_STRICT_OBJC_MSGSEND = YES;
				GCC_C_LANGUAGE_STANDARD = gnu11;
				GCC_NO_COMMON_BLOCKS = YES;
				GCC_WARN_64_TO_32_BIT_CONVERSION = YES;
				GCC_WARN_ABOUT_RETURN_TYPE = YES_ERROR;
				GCC_WARN_UNDECLARED_SELECTOR = YES;
				GCC_WARN_UNINITIALIZED_AUTOS = YES_AGGRESSIVE;
				GCC_WARN_UNUSED_FUNCTION = YES;
				GCC_WARN_UNUSED_VARIABLE = YES;
				IPHONEOS_DEPLOYMENT_TARGET = 13.0;
				MTL_ENABLE_DEBUG_INFO = NO;
				MTL_FAST_MATH = YES;
				SDKROOT = iphoneos;
				SWIFT_COMPILATION_MODE = wholemodule;
				SWIFT_OPTIMIZATION_LEVEL = "-O";
				VALIDATE_PRODUCT = YES;
			};
			name = Release;
		};
		F4042FB4292E60E80031ABFD /* Debug */ = {
			isa = XCBuildConfiguration;
			baseConfigurationReference = 37AE57331E9765B75DE01945 /* Pods-CapstoneProject.debug.xcconfig */;
			buildSettings = {
				ASSETCATALOG_COMPILER_APPICON_NAME = AppIcon;
				ASSETCATALOG_COMPILER_GLOBAL_ACCENT_COLOR_NAME = AccentColor;
				CODE_SIGN_STYLE = Automatic;
				CURRENT_PROJECT_VERSION = 1;
				DEVELOPMENT_TEAM = 26SCPNUJUC;
				GENERATE_INFOPLIST_FILE = YES;
				INFOPLIST_FILE = CapstoneProject/Info.plist;
				INFOPLIST_KEY_UIApplicationSupportsIndirectInputEvents = YES;
				INFOPLIST_KEY_UILaunchStoryboardName = LaunchScreen;
				INFOPLIST_KEY_UISupportedInterfaceOrientations = UIInterfaceOrientationPortrait;
				INFOPLIST_KEY_UISupportedInterfaceOrientations_iPad = "UIInterfaceOrientationLandscapeLeft UIInterfaceOrientationLandscapeRight UIInterfaceOrientationPortrait UIInterfaceOrientationPortraitUpsideDown";
				LD_RUNPATH_SEARCH_PATHS = (
					"$(inherited)",
					"@executable_path/Frameworks",
				);
				MARKETING_VERSION = 1.0;
				PRODUCT_BUNDLE_IDENTIFIER = com.dicoding.expert.CapstoneProject;
				PRODUCT_NAME = "$(TARGET_NAME)";
				SUPPORTED_PLATFORMS = "iphoneos iphonesimulator";
				SUPPORTS_MACCATALYST = NO;
				SUPPORTS_MAC_DESIGNED_FOR_IPHONE_IPAD = YES;
				SWIFT_EMIT_LOC_STRINGS = YES;
				SWIFT_VERSION = 5.0;
				TARGETED_DEVICE_FAMILY = 1;
			};
			name = Debug;
		};
		F4042FB5292E60E80031ABFD /* Release */ = {
			isa = XCBuildConfiguration;
			baseConfigurationReference = DA677E7CEA1CAFCD059BF4E2 /* Pods-CapstoneProject.release.xcconfig */;
			buildSettings = {
				ASSETCATALOG_COMPILER_APPICON_NAME = AppIcon;
				ASSETCATALOG_COMPILER_GLOBAL_ACCENT_COLOR_NAME = AccentColor;
				CODE_SIGN_STYLE = Automatic;
				CURRENT_PROJECT_VERSION = 1;
				DEVELOPMENT_TEAM = 26SCPNUJUC;
				GENERATE_INFOPLIST_FILE = YES;
				INFOPLIST_FILE = CapstoneProject/Info.plist;
				INFOPLIST_KEY_UIApplicationSupportsIndirectInputEvents = YES;
				INFOPLIST_KEY_UILaunchStoryboardName = LaunchScreen;
				INFOPLIST_KEY_UISupportedInterfaceOrientations = UIInterfaceOrientationPortrait;
				INFOPLIST_KEY_UISupportedInterfaceOrientations_iPad = "UIInterfaceOrientationLandscapeLeft UIInterfaceOrientationLandscapeRight UIInterfaceOrientationPortrait UIInterfaceOrientationPortraitUpsideDown";
				LD_RUNPATH_SEARCH_PATHS = (
					"$(inherited)",
					"@executable_path/Frameworks",
				);
				MARKETING_VERSION = 1.0;
				PRODUCT_BUNDLE_IDENTIFIER = com.dicoding.expert.CapstoneProject;
				PRODUCT_NAME = "$(TARGET_NAME)";
				SUPPORTED_PLATFORMS = "iphoneos iphonesimulator";
				SUPPORTS_MACCATALYST = NO;
				SUPPORTS_MAC_DESIGNED_FOR_IPHONE_IPAD = YES;
				SWIFT_EMIT_LOC_STRINGS = YES;
				SWIFT_VERSION = 5.0;
				TARGETED_DEVICE_FAMILY = 1;
			};
			name = Release;
		};
		F4FB55C22948B64D00790DC7 /* Debug */ = {
			isa = XCBuildConfiguration;
			baseConfigurationReference = E1320035BE3BF88667C30009 /* Pods-CapstoneProjectTests.debug.xcconfig */;
			buildSettings = {
				BUNDLE_LOADER = "$(TEST_HOST)";
				CODE_SIGN_STYLE = Automatic;
				CURRENT_PROJECT_VERSION = 1;
				DEVELOPMENT_TEAM = 26SCPNUJUC;
				GENERATE_INFOPLIST_FILE = YES;
				IPHONEOS_DEPLOYMENT_TARGET = 13.0;
				MARKETING_VERSION = 1.0;
				PRODUCT_BUNDLE_IDENTIFIER = com.dicoding.expert.CapstoneProjectTests;
				PRODUCT_NAME = "$(TARGET_NAME)";
				SWIFT_EMIT_LOC_STRINGS = NO;
				SWIFT_VERSION = 5.0;
				TARGETED_DEVICE_FAMILY = "1,2";
				TEST_HOST = "$(BUILT_PRODUCTS_DIR)/CapstoneProject.app/$(BUNDLE_EXECUTABLE_FOLDER_PATH)/CapstoneProject";
			};
			name = Debug;
		};
		F4FB55C32948B64D00790DC7 /* Release */ = {
			isa = XCBuildConfiguration;
			baseConfigurationReference = 1121C8A29A36E0F31DF77C2C /* Pods-CapstoneProjectTests.release.xcconfig */;
			buildSettings = {
				BUNDLE_LOADER = "$(TEST_HOST)";
				CODE_SIGN_STYLE = Automatic;
				CURRENT_PROJECT_VERSION = 1;
				DEVELOPMENT_TEAM = 26SCPNUJUC;
				GENERATE_INFOPLIST_FILE = YES;
				IPHONEOS_DEPLOYMENT_TARGET = 13.0;
				MARKETING_VERSION = 1.0;
				PRODUCT_BUNDLE_IDENTIFIER = com.dicoding.expert.CapstoneProjectTests;
				PRODUCT_NAME = "$(TARGET_NAME)";
				SWIFT_EMIT_LOC_STRINGS = NO;
				SWIFT_VERSION = 5.0;
				TARGETED_DEVICE_FAMILY = "1,2";
				TEST_HOST = "$(BUILT_PRODUCTS_DIR)/CapstoneProject.app/$(BUNDLE_EXECUTABLE_FOLDER_PATH)/CapstoneProject";
			};
			name = Release;
		};
/* End XCBuildConfiguration section */

/* Begin XCConfigurationList section */
		F4042F9A292E60E60031ABFD /* Build configuration list for PBXProject "CapstoneProject" */ = {
			isa = XCConfigurationList;
			buildConfigurations = (
				F4042FB1292E60E80031ABFD /* Debug */,
				F4042FB2292E60E80031ABFD /* Release */,
			);
			defaultConfigurationIsVisible = 0;
			defaultConfigurationName = Release;
		};
		F4042FB3292E60E80031ABFD /* Build configuration list for PBXNativeTarget "CapstoneProject" */ = {
			isa = XCConfigurationList;
			buildConfigurations = (
				F4042FB4292E60E80031ABFD /* Debug */,
				F4042FB5292E60E80031ABFD /* Release */,
			);
			defaultConfigurationIsVisible = 0;
			defaultConfigurationName = Release;
		};
		F4FB55C12948B64D00790DC7 /* Build configuration list for PBXNativeTarget "CapstoneProjectTests" */ = {
			isa = XCConfigurationList;
			buildConfigurations = (
				F4FB55C22948B64D00790DC7 /* Debug */,
				F4FB55C32948B64D00790DC7 /* Release */,
			);
			defaultConfigurationIsVisible = 0;
			defaultConfigurationName = Release;
		};
/* End XCConfigurationList section */

/* Begin XCRemoteSwiftPackageReference section */
		F4338AD8296C7B4F00476422 /* XCRemoteSwiftPackageReference "BECoreExtension" */ = {
			isa = XCRemoteSwiftPackageReference;
			repositoryURL = "https://github.com/benayaokta/BECoreExtension";
			requirement = {
				branch = main;
				kind = branch;
			};
		};
		F4E2F6742955A7360009DAC0 /* XCRemoteSwiftPackageReference "IQKeyboardManager" */ = {
			isa = XCRemoteSwiftPackageReference;
			repositoryURL = "https://github.com/hackiftekhar/IQKeyboardManager";
			requirement = {
				branch = master;
				kind = branch;
			};
		};
		F4E2F6772955A7470009DAC0 /* XCRemoteSwiftPackageReference "Stevia" */ = {
			isa = XCRemoteSwiftPackageReference;
			repositoryURL = "https://github.com/freshOS/Stevia";
			requirement = {
				branch = master;
				kind = branch;
			};
		};
		F4E2F67D2955A76E0009DAC0 /* XCRemoteSwiftPackageReference "SDWebImage" */ = {
			isa = XCRemoteSwiftPackageReference;
			repositoryURL = "https://github.com/SDWebImage/SDWebImage";
			requirement = {
				branch = master;
				kind = branch;
			};
		};
		F4E2F6802955A7870009DAC0 /* XCRemoteSwiftPackageReference "NVActivityIndicatorView" */ = {
			isa = XCRemoteSwiftPackageReference;
			repositoryURL = "https://github.com/ninjaprox/NVActivityIndicatorView";
			requirement = {
				branch = master;
				kind = branch;
			};
		};
		F4E2F6862955A8370009DAC0 /* XCRemoteSwiftPackageReference "SnackBar" */ = {
			isa = XCRemoteSwiftPackageReference;
			repositoryURL = "https://github.com/ahmedAlmasri/SnackBar.swift";
			requirement = {
				branch = master;
				kind = branch;
			};
		};
		F4E2F6892955A8DD0009DAC0 /* XCRemoteSwiftPackageReference "Alamofire" */ = {
			isa = XCRemoteSwiftPackageReference;
			repositoryURL = "https://github.com/Alamofire/Alamofire";
			requirement = {
				branch = master;
				kind = branch;
			};
		};
/* End XCRemoteSwiftPackageReference section */

/* Begin XCSwiftPackageProductDependency section */
		F4338AD9296C7B5000476422 /* CoreExtension */ = {
			isa = XCSwiftPackageProductDependency;
			package = F4338AD8296C7B4F00476422 /* XCRemoteSwiftPackageReference "BECoreExtension" */;
			productName = CoreExtension;
		};
		F4E2F6752955A7360009DAC0 /* IQKeyboardManagerSwift */ = {
			isa = XCSwiftPackageProductDependency;
			package = F4E2F6742955A7360009DAC0 /* XCRemoteSwiftPackageReference "IQKeyboardManager" */;
			productName = IQKeyboardManagerSwift;
		};
		F4E2F6782955A7470009DAC0 /* Stevia */ = {
			isa = XCSwiftPackageProductDependency;
			package = F4E2F6772955A7470009DAC0 /* XCRemoteSwiftPackageReference "Stevia" */;
			productName = Stevia;
		};
		F4E2F67E2955A76E0009DAC0 /* SDWebImage */ = {
			isa = XCSwiftPackageProductDependency;
			package = F4E2F67D2955A76E0009DAC0 /* XCRemoteSwiftPackageReference "SDWebImage" */;
			productName = SDWebImage;
		};
		F4E2F6812955A7870009DAC0 /* NVActivityIndicatorView */ = {
			isa = XCSwiftPackageProductDependency;
			package = F4E2F6802955A7870009DAC0 /* XCRemoteSwiftPackageReference "NVActivityIndicatorView" */;
			productName = NVActivityIndicatorView;
		};
		F4E2F6872955A8370009DAC0 /* SnackBar */ = {
			isa = XCSwiftPackageProductDependency;
			package = F4E2F6862955A8370009DAC0 /* XCRemoteSwiftPackageReference "SnackBar" */;
			productName = SnackBar;
		};
		F4E2F68A2955A8DD0009DAC0 /* Alamofire */ = {
			isa = XCSwiftPackageProductDependency;
			package = F4E2F6892955A8DD0009DAC0 /* XCRemoteSwiftPackageReference "Alamofire" */;
			productName = Alamofire;
		};
		F4E2F69C295C917C0009DAC0 /* SDWebImage */ = {
			isa = XCSwiftPackageProductDependency;
			package = F4E2F67D2955A76E0009DAC0 /* XCRemoteSwiftPackageReference "SDWebImage" */;
			productName = SDWebImage;
		};
/* End XCSwiftPackageProductDependency section */
	};
	rootObject = F4042F97292E60E60031ABFD /* Project object */;
}
