// !$*UTF8*$!
{
	archiveVersion = 1;
	classes = {
	};
	objectVersion = 55;
	objects = {

/* Begin PBXBuildFile section */
		EEA88A53F9BF5EE78F86B830 /* Pods_CapstoneProject.framework in Frameworks */ = {isa = PBXBuildFile; fileRef = 3C1DFF4739E99D1FC43E147B /* Pods_CapstoneProject.framework */; };
		F4042FA3292E60E60031ABFD /* AppDelegate.swift in Sources */ = {isa = PBXBuildFile; fileRef = F4042FA2292E60E60031ABFD /* AppDelegate.swift */; };
		F4042FA5292E60E60031ABFD /* SceneDelegate.swift in Sources */ = {isa = PBXBuildFile; fileRef = F4042FA4292E60E60031ABFD /* SceneDelegate.swift */; };
		F4042FA7292E60E60031ABFD /* HomeViewController.swift in Sources */ = {isa = PBXBuildFile; fileRef = F4042FA6292E60E60031ABFD /* HomeViewController.swift */; };
		F4042FAC292E60E80031ABFD /* Assets.xcassets in Resources */ = {isa = PBXBuildFile; fileRef = F4042FAB292E60E80031ABFD /* Assets.xcassets */; };
		F4042FAF292E60E80031ABFD /* LaunchScreen.storyboard in Resources */ = {isa = PBXBuildFile; fileRef = F4042FAD292E60E80031ABFD /* LaunchScreen.storyboard */; };
		F4042FC9292E7D0B0031ABFD /* UITableView+Ext.swift in Sources */ = {isa = PBXBuildFile; fileRef = F4042FC8292E7D0B0031ABFD /* UITableView+Ext.swift */; };
		F4042FCB292E836C0031ABFD /* HomeViewModel.swift in Sources */ = {isa = PBXBuildFile; fileRef = F4042FCA292E836C0031ABFD /* HomeViewModel.swift */; };
		F4042FCD292E83840031ABFD /* HomeProtocols.swift in Sources */ = {isa = PBXBuildFile; fileRef = F4042FCC292E83840031ABFD /* HomeProtocols.swift */; };
		F4042FD2292E87E00031ABFD /* NetworkProtocol.swift in Sources */ = {isa = PBXBuildFile; fileRef = F4042FD1292E87E00031ABFD /* NetworkProtocol.swift */; };
		F4042FD4292E87F60031ABFD /* APIConfiguration.swift in Sources */ = {isa = PBXBuildFile; fileRef = F4042FD3292E87F60031ABFD /* APIConfiguration.swift */; };
		F4042FD6292E8AE70031ABFD /* NetworkService.swift in Sources */ = {isa = PBXBuildFile; fileRef = F4042FD5292E8AE70031ABFD /* NetworkService.swift */; };
		F4042FD8292E8F290031ABFD /* AllPairResponse.swift in Sources */ = {isa = PBXBuildFile; fileRef = F4042FD7292E8F290031ABFD /* AllPairResponse.swift */; };
		F4042FDA292E8F5A0031ABFD /* CapstoneTableViewCell.swift in Sources */ = {isa = PBXBuildFile; fileRef = F4042FD9292E8F5A0031ABFD /* CapstoneTableViewCell.swift */; };
		F4B0B31D2942364A007442C9 /* AllPairEntity.swift in Sources */ = {isa = PBXBuildFile; fileRef = F4B0B31C2942364A007442C9 /* AllPairEntity.swift */; };
		F4B0B31F2942378F007442C9 /* Int+Ext.swift in Sources */ = {isa = PBXBuildFile; fileRef = F4B0B31E2942378F007442C9 /* Int+Ext.swift */; };
		F4C2D1BB293F77C30058361D /* FavoriteViewController.swift in Sources */ = {isa = PBXBuildFile; fileRef = F4C2D1BA293F77C30058361D /* FavoriteViewController.swift */; };
		F4C2D1BE293F7C450058361D /* DatabaseManager.swift in Sources */ = {isa = PBXBuildFile; fileRef = F4C2D1BD293F7C450058361D /* DatabaseManager.swift */; };
		F4C2D1C0293F86FC0058361D /* FavoriteEmptyView.swift in Sources */ = {isa = PBXBuildFile; fileRef = F4C2D1BF293F86FC0058361D /* FavoriteEmptyView.swift */; };
		F4C2D1C2293F94500058361D /* CapstoneSnackbar.swift in Sources */ = {isa = PBXBuildFile; fileRef = F4C2D1C1293F94500058361D /* CapstoneSnackbar.swift */; };
		F4C2D1C5293F96E10058361D /* DetailViewController.swift in Sources */ = {isa = PBXBuildFile; fileRef = F4C2D1C4293F96E10058361D /* DetailViewController.swift */; };
		F4C2D1C7293F97190058361D /* DetailViewModel.swift in Sources */ = {isa = PBXBuildFile; fileRef = F4C2D1C6293F97190058361D /* DetailViewModel.swift */; };
		F4C2D1C9293F971F0058361D /* DetailProtocol.swift in Sources */ = {isa = PBXBuildFile; fileRef = F4C2D1C8293F971F0058361D /* DetailProtocol.swift */; };
		F4C2D1DA294212180058361D /* FavoriteProtocols.swift in Sources */ = {isa = PBXBuildFile; fileRef = F4C2D1D9294212180058361D /* FavoriteProtocols.swift */; };
		F4C2D1DC2942121E0058361D /* FavoriteViewModel.swift in Sources */ = {isa = PBXBuildFile; fileRef = F4C2D1DB2942121E0058361D /* FavoriteViewModel.swift */; };
		F4E2F6762955A7360009DAC0 /* IQKeyboardManagerSwift in Frameworks */ = {isa = PBXBuildFile; productRef = F4E2F6752955A7360009DAC0 /* IQKeyboardManagerSwift */; };
		F4E2F6792955A7470009DAC0 /* Stevia in Frameworks */ = {isa = PBXBuildFile; productRef = F4E2F6782955A7470009DAC0 /* Stevia */; };
		F4E2F67F2955A76E0009DAC0 /* SDWebImage in Frameworks */ = {isa = PBXBuildFile; productRef = F4E2F67E2955A76E0009DAC0 /* SDWebImage */; };
		F4E2F6822955A7870009DAC0 /* NVActivityIndicatorView in Frameworks */ = {isa = PBXBuildFile; productRef = F4E2F6812955A7870009DAC0 /* NVActivityIndicatorView */; };
		F4E2F6882955A8370009DAC0 /* SnackBar in Frameworks */ = {isa = PBXBuildFile; productRef = F4E2F6872955A8370009DAC0 /* SnackBar */; };
		F4E2F68B2955A8DD0009DAC0 /* Alamofire in Frameworks */ = {isa = PBXBuildFile; productRef = F4E2F68A2955A8DD0009DAC0 /* Alamofire */; };
		F4E2F68D2959BBEA0009DAC0 /* HomeRepo.swift in Sources */ = {isa = PBXBuildFile; fileRef = F4E2F68C2959BBEA0009DAC0 /* HomeRepo.swift */; };
		F4E2F68F2959D5450009DAC0 /* FavoriteRepo.swift in Sources */ = {isa = PBXBuildFile; fileRef = F4E2F68E2959D5450009DAC0 /* FavoriteRepo.swift */; };
		F4E2F6912959DA4F0009DAC0 /* DetailRepo.swift in Sources */ = {isa = PBXBuildFile; fileRef = F4E2F6902959DA4F0009DAC0 /* DetailRepo.swift */; };
		F4E2F6932959DB410009DAC0 /* ProfileRepo.swift in Sources */ = {isa = PBXBuildFile; fileRef = F4E2F6922959DB410009DAC0 /* ProfileRepo.swift */; };
		F4E2F696295C7F9D0009DAC0 /* AllPairUIModel.swift in Sources */ = {isa = PBXBuildFile; fileRef = F4E2F695295C7F9D0009DAC0 /* AllPairUIModel.swift */; };
		F4E2F698295C863B0009DAC0 /* ProfileUIModel.swift in Sources */ = {isa = PBXBuildFile; fileRef = F4E2F697295C863B0009DAC0 /* ProfileUIModel.swift */; };
		F4E2F69B295C86F60009DAC0 /* AllPairModel.swift in Sources */ = {isa = PBXBuildFile; fileRef = F4E2F69A295C86F60009DAC0 /* AllPairModel.swift */; };
		F4E2F69D295C917C0009DAC0 /* SDWebImage in Frameworks */ = {isa = PBXBuildFile; productRef = F4E2F69C295C917C0009DAC0 /* SDWebImage */; };
		F4FB55B02948A7F300790DC7 /* ProfileViewController.swift in Sources */ = {isa = PBXBuildFile; fileRef = F4FB55AF2948A7F300790DC7 /* ProfileViewController.swift */; };
		F4FB55B22948AB3900790DC7 /* ProfileProtocol.swift in Sources */ = {isa = PBXBuildFile; fileRef = F4FB55B12948AB3900790DC7 /* ProfileProtocol.swift */; };
		F4FB55B42948AB4000790DC7 /* ProfileViewModel.swift in Sources */ = {isa = PBXBuildFile; fileRef = F4FB55B32948AB4000790DC7 /* ProfileViewModel.swift */; };
		F4FB55B62948ABD200790DC7 /* ProfileEntity.swift in Sources */ = {isa = PBXBuildFile; fileRef = F4FB55B52948ABD200790DC7 /* ProfileEntity.swift */; };
		F4FB55BE2948B64C00790DC7 /* CapstoneProjectTests.swift in Sources */ = {isa = PBXBuildFile; fileRef = F4FB55BD2948B64C00790DC7 /* CapstoneProjectTests.swift */; };
		F4FB55C62948B68100790DC7 /* HomeUseCaseTest.swift in Sources */ = {isa = PBXBuildFile; fileRef = F4FB55C52948B68100790DC7 /* HomeUseCaseTest.swift */; };
/* End PBXBuildFile section */

/* Begin PBXContainerItemProxy section */
		F4FB55BF2948B64C00790DC7 /* PBXContainerItemProxy */ = {
			isa = PBXContainerItemProxy;
			containerPortal = F4042F97292E60E60031ABFD /* Project object */;
			proxyType = 1;
			remoteGlobalIDString = F4042F9E292E60E60031ABFD;
			remoteInfo = CapstoneProject;
		};
/* End PBXContainerItemProxy section */

/* Begin PBXFileReference section */
		3C1DFF4739E99D1FC43E147B /* Pods_CapstoneProject.framework */ = {isa = PBXFileReference; explicitFileType = wrapper.framework; includeInIndex = 0; path = Pods_CapstoneProject.framework; sourceTree = BUILT_PRODUCTS_DIR; };
		6DBECF12E859A24619C53CF2 /* Pods-CapstoneProject.debug.xcconfig */ = {isa = PBXFileReference; includeInIndex = 1; lastKnownFileType = text.xcconfig; name = "Pods-CapstoneProject.debug.xcconfig"; path = "Target Support Files/Pods-CapstoneProject/Pods-CapstoneProject.debug.xcconfig"; sourceTree = "<group>"; };
		9DC55C29EAC03BE0BD828B65 /* Pods-CapstoneProject.release.xcconfig */ = {isa = PBXFileReference; includeInIndex = 1; lastKnownFileType = text.xcconfig; name = "Pods-CapstoneProject.release.xcconfig"; path = "Target Support Files/Pods-CapstoneProject/Pods-CapstoneProject.release.xcconfig"; sourceTree = "<group>"; };
		F4042F9F292E60E60031ABFD /* CapstoneProject.app */ = {isa = PBXFileReference; explicitFileType = wrapper.application; includeInIndex = 0; path = CapstoneProject.app; sourceTree = BUILT_PRODUCTS_DIR; };
		F4042FA2292E60E60031ABFD /* AppDelegate.swift */ = {isa = PBXFileReference; lastKnownFileType = sourcecode.swift; path = AppDelegate.swift; sourceTree = "<group>"; };
		F4042FA4292E60E60031ABFD /* SceneDelegate.swift */ = {isa = PBXFileReference; lastKnownFileType = sourcecode.swift; path = SceneDelegate.swift; sourceTree = "<group>"; };
		F4042FA6292E60E60031ABFD /* HomeViewController.swift */ = {isa = PBXFileReference; lastKnownFileType = sourcecode.swift; path = HomeViewController.swift; sourceTree = "<group>"; };
		F4042FAB292E60E80031ABFD /* Assets.xcassets */ = {isa = PBXFileReference; lastKnownFileType = folder.assetcatalog; path = Assets.xcassets; sourceTree = "<group>"; };
		F4042FAE292E60E80031ABFD /* Base */ = {isa = PBXFileReference; lastKnownFileType = file.storyboard; name = Base; path = Base.lproj/LaunchScreen.storyboard; sourceTree = "<group>"; };
		F4042FB0292E60E80031ABFD /* Info.plist */ = {isa = PBXFileReference; lastKnownFileType = text.plist.xml; path = Info.plist; sourceTree = "<group>"; };
		F4042FC8292E7D0B0031ABFD /* UITableView+Ext.swift */ = {isa = PBXFileReference; lastKnownFileType = sourcecode.swift; path = "UITableView+Ext.swift"; sourceTree = "<group>"; };
		F4042FCA292E836C0031ABFD /* HomeViewModel.swift */ = {isa = PBXFileReference; lastKnownFileType = sourcecode.swift; path = HomeViewModel.swift; sourceTree = "<group>"; };
		F4042FCC292E83840031ABFD /* HomeProtocols.swift */ = {isa = PBXFileReference; lastKnownFileType = sourcecode.swift; path = HomeProtocols.swift; sourceTree = "<group>"; };
		F4042FD1292E87E00031ABFD /* NetworkProtocol.swift */ = {isa = PBXFileReference; lastKnownFileType = sourcecode.swift; path = NetworkProtocol.swift; sourceTree = "<group>"; };
		F4042FD3292E87F60031ABFD /* APIConfiguration.swift */ = {isa = PBXFileReference; lastKnownFileType = sourcecode.swift; path = APIConfiguration.swift; sourceTree = "<group>"; };
		F4042FD5292E8AE70031ABFD /* NetworkService.swift */ = {isa = PBXFileReference; lastKnownFileType = sourcecode.swift; path = NetworkService.swift; sourceTree = "<group>"; };
		F4042FD7292E8F290031ABFD /* AllPairResponse.swift */ = {isa = PBXFileReference; lastKnownFileType = sourcecode.swift; path = AllPairResponse.swift; sourceTree = "<group>"; };
		F4042FD9292E8F5A0031ABFD /* CapstoneTableViewCell.swift */ = {isa = PBXFileReference; lastKnownFileType = sourcecode.swift; path = CapstoneTableViewCell.swift; sourceTree = "<group>"; };
		F4B0B31C2942364A007442C9 /* AllPairEntity.swift */ = {isa = PBXFileReference; lastKnownFileType = sourcecode.swift; path = AllPairEntity.swift; sourceTree = "<group>"; };
		F4B0B31E2942378F007442C9 /* Int+Ext.swift */ = {isa = PBXFileReference; lastKnownFileType = sourcecode.swift; path = "Int+Ext.swift"; sourceTree = "<group>"; };
		F4C2D1BA293F77C30058361D /* FavoriteViewController.swift */ = {isa = PBXFileReference; lastKnownFileType = sourcecode.swift; path = FavoriteViewController.swift; sourceTree = "<group>"; };
		F4C2D1BD293F7C450058361D /* DatabaseManager.swift */ = {isa = PBXFileReference; lastKnownFileType = sourcecode.swift; path = DatabaseManager.swift; sourceTree = "<group>"; };
		F4C2D1BF293F86FC0058361D /* FavoriteEmptyView.swift */ = {isa = PBXFileReference; lastKnownFileType = sourcecode.swift; path = FavoriteEmptyView.swift; sourceTree = "<group>"; };
		F4C2D1C1293F94500058361D /* CapstoneSnackbar.swift */ = {isa = PBXFileReference; lastKnownFileType = sourcecode.swift; path = CapstoneSnackbar.swift; sourceTree = "<group>"; };
		F4C2D1C4293F96E10058361D /* DetailViewController.swift */ = {isa = PBXFileReference; lastKnownFileType = sourcecode.swift; path = DetailViewController.swift; sourceTree = "<group>"; };
		F4C2D1C6293F97190058361D /* DetailViewModel.swift */ = {isa = PBXFileReference; lastKnownFileType = sourcecode.swift; path = DetailViewModel.swift; sourceTree = "<group>"; };
		F4C2D1C8293F971F0058361D /* DetailProtocol.swift */ = {isa = PBXFileReference; lastKnownFileType = sourcecode.swift; path = DetailProtocol.swift; sourceTree = "<group>"; };
		F4C2D1D9294212180058361D /* FavoriteProtocols.swift */ = {isa = PBXFileReference; lastKnownFileType = sourcecode.swift; path = FavoriteProtocols.swift; sourceTree = "<group>"; };
		F4C2D1DB2942121E0058361D /* FavoriteViewModel.swift */ = {isa = PBXFileReference; lastKnownFileType = sourcecode.swift; path = FavoriteViewModel.swift; sourceTree = "<group>"; };
		F4E2F68C2959BBEA0009DAC0 /* HomeRepo.swift */ = {isa = PBXFileReference; lastKnownFileType = sourcecode.swift; path = HomeRepo.swift; sourceTree = "<group>"; };
		F4E2F68E2959D5450009DAC0 /* FavoriteRepo.swift */ = {isa = PBXFileReference; lastKnownFileType = sourcecode.swift; path = FavoriteRepo.swift; sourceTree = "<group>"; };
		F4E2F6902959DA4F0009DAC0 /* DetailRepo.swift */ = {isa = PBXFileReference; lastKnownFileType = sourcecode.swift; path = DetailRepo.swift; sourceTree = "<group>"; };
		F4E2F6922959DB410009DAC0 /* ProfileRepo.swift */ = {isa = PBXFileReference; lastKnownFileType = sourcecode.swift; path = ProfileRepo.swift; sourceTree = "<group>"; };
		F4E2F695295C7F9D0009DAC0 /* AllPairUIModel.swift */ = {isa = PBXFileReference; lastKnownFileType = sourcecode.swift; path = AllPairUIModel.swift; sourceTree = "<group>"; };
		F4E2F697295C863B0009DAC0 /* ProfileUIModel.swift */ = {isa = PBXFileReference; lastKnownFileType = sourcecode.swift; path = ProfileUIModel.swift; sourceTree = "<group>"; };
		F4E2F69A295C86F60009DAC0 /* AllPairModel.swift */ = {isa = PBXFileReference; lastKnownFileType = sourcecode.swift; path = AllPairModel.swift; sourceTree = "<group>"; };
		F4FB55AF2948A7F300790DC7 /* ProfileViewController.swift */ = {isa = PBXFileReference; lastKnownFileType = sourcecode.swift; path = ProfileViewController.swift; sourceTree = "<group>"; };
		F4FB55B12948AB3900790DC7 /* ProfileProtocol.swift */ = {isa = PBXFileReference; lastKnownFileType = sourcecode.swift; path = ProfileProtocol.swift; sourceTree = "<group>"; };
		F4FB55B32948AB4000790DC7 /* ProfileViewModel.swift */ = {isa = PBXFileReference; lastKnownFileType = sourcecode.swift; path = ProfileViewModel.swift; sourceTree = "<group>"; };
		F4FB55B52948ABD200790DC7 /* ProfileEntity.swift */ = {isa = PBXFileReference; lastKnownFileType = sourcecode.swift; path = ProfileEntity.swift; sourceTree = "<group>"; };
		F4FB55BB2948B64C00790DC7 /* CapstoneProjectTests.xctest */ = {isa = PBXFileReference; explicitFileType = wrapper.cfbundle; includeInIndex = 0; path = CapstoneProjectTests.xctest; sourceTree = BUILT_PRODUCTS_DIR; };
		F4FB55BD2948B64C00790DC7 /* CapstoneProjectTests.swift */ = {isa = PBXFileReference; lastKnownFileType = sourcecode.swift; path = CapstoneProjectTests.swift; sourceTree = "<group>"; };
		F4FB55C52948B68100790DC7 /* HomeUseCaseTest.swift */ = {isa = PBXFileReference; lastKnownFileType = sourcecode.swift; path = HomeUseCaseTest.swift; sourceTree = "<group>"; };
/* End PBXFileReference section */

/* Begin PBXFrameworksBuildPhase section */
		F4042F9C292E60E60031ABFD /* Frameworks */ = {
			isa = PBXFrameworksBuildPhase;
			buildActionMask = 2147483647;
			files = (
				F4E2F6792955A7470009DAC0 /* Stevia in Frameworks */,
				F4E2F68B2955A8DD0009DAC0 /* Alamofire in Frameworks */,
				F4E2F6882955A8370009DAC0 /* SnackBar in Frameworks */,
				F4E2F6822955A7870009DAC0 /* NVActivityIndicatorView in Frameworks */,
				F4E2F6762955A7360009DAC0 /* IQKeyboardManagerSwift in Frameworks */,
				F4E2F67F2955A76E0009DAC0 /* SDWebImage in Frameworks */,
				EEA88A53F9BF5EE78F86B830 /* Pods_CapstoneProject.framework in Frameworks */,
			);
			runOnlyForDeploymentPostprocessing = 0;
		};
		F4FB55B82948B64C00790DC7 /* Frameworks */ = {
			isa = PBXFrameworksBuildPhase;
			buildActionMask = 2147483647;
			files = (
				F4E2F69D295C917C0009DAC0 /* SDWebImage in Frameworks */,
			);
			runOnlyForDeploymentPostprocessing = 0;
		};
/* End PBXFrameworksBuildPhase section */

/* Begin PBXGroup section */
		08DD657E24F4BABFC39A8551 /* Frameworks */ = {
			isa = PBXGroup;
			children = (
				3C1DFF4739E99D1FC43E147B /* Pods_CapstoneProject.framework */,
			);
			name = Frameworks;
			sourceTree = "<group>";
		};
		BAAFD3B2389FA76FCC2B04C8 /* Pods */ = {
			isa = PBXGroup;
			children = (
				6DBECF12E859A24619C53CF2 /* Pods-CapstoneProject.debug.xcconfig */,
				9DC55C29EAC03BE0BD828B65 /* Pods-CapstoneProject.release.xcconfig */,
			);
			path = Pods;
			sourceTree = "<group>";
		};
		F4042F96292E60E60031ABFD = {
			isa = PBXGroup;
			children = (
				F4042FA1292E60E60031ABFD /* CapstoneProject */,
				F4FB55BC2948B64C00790DC7 /* CapstoneProjectTests */,
				F4042FA0292E60E60031ABFD /* Products */,
				BAAFD3B2389FA76FCC2B04C8 /* Pods */,
				08DD657E24F4BABFC39A8551 /* Frameworks */,
			);
			sourceTree = "<group>";
		};
		F4042FA0292E60E60031ABFD /* Products */ = {
			isa = PBXGroup;
			children = (
				F4042F9F292E60E60031ABFD /* CapstoneProject.app */,
				F4FB55BB2948B64C00790DC7 /* CapstoneProjectTests.xctest */,
			);
			name = Products;
			sourceTree = "<group>";
		};
		F4042FA1292E60E60031ABFD /* CapstoneProject */ = {
			isa = PBXGroup;
			children = (
				F4C2D1BC293F7A0B0058361D /* Shared */,
				F4042FC7292E7CB90031ABFD /* Extension */,
				F4042FB6292E61F10031ABFD /* App */,
				F4042FBD292E64E10031ABFD /* Module */,
				F4042FBE292E64E70031ABFD /* Model */,
				F4042FBF292E64ED0031ABFD /* Manager */,
				F4042FD0292E87CC0031ABFD /* Service */,
				F4042FAB292E60E80031ABFD /* Assets.xcassets */,
				F4042FAD292E60E80031ABFD /* LaunchScreen.storyboard */,
				F4042FB0292E60E80031ABFD /* Info.plist */,
			);
			path = CapstoneProject;
			sourceTree = "<group>";
		};
		F4042FB6292E61F10031ABFD /* App */ = {
			isa = PBXGroup;
			children = (
				F4042FA2292E60E60031ABFD /* AppDelegate.swift */,
				F4042FA4292E60E60031ABFD /* SceneDelegate.swift */,
			);
			path = App;
			sourceTree = "<group>";
		};
		F4042FBD292E64E10031ABFD /* Module */ = {
			isa = PBXGroup;
			children = (
				F4FB55AE2948A7E700790DC7 /* Profile */,
				F4C2D1C3293F96D60058361D /* Detail */,
				F4C2D1B9293F77B10058361D /* Favorite */,
				F4042FC6292E7BD50031ABFD /* Home */,
			);
			path = Module;
			sourceTree = "<group>";
		};
		F4042FBE292E64E70031ABFD /* Model */ = {
			isa = PBXGroup;
			children = (
				F4E2F699295C86EF0009DAC0 /* Domain */,
				F4E2F694295C7F7A0009DAC0 /* UIModel */,
				F4B0B32129423A0A007442C9 /* Entity */,
				F4B0B32029423A02007442C9 /* ResponseModel */,
			);
			path = Model;
			sourceTree = "<group>";
		};
		F4042FBF292E64ED0031ABFD /* Manager */ = {
			isa = PBXGroup;
			children = (
				F4C2D1BD293F7C450058361D /* DatabaseManager.swift */,
			);
			path = Manager;
			sourceTree = "<group>";
		};
		F4042FC6292E7BD50031ABFD /* Home */ = {
			isa = PBXGroup;
			children = (
				F4042FCC292E83840031ABFD /* HomeProtocols.swift */,
				F4042FA6292E60E60031ABFD /* HomeViewController.swift */,
				F4042FCA292E836C0031ABFD /* HomeViewModel.swift */,
				F4E2F68C2959BBEA0009DAC0 /* HomeRepo.swift */,
			);
			path = Home;
			sourceTree = "<group>";
		};
		F4042FC7292E7CB90031ABFD /* Extension */ = {
			isa = PBXGroup;
			children = (
				F4042FC8292E7D0B0031ABFD /* UITableView+Ext.swift */,
				F4B0B31E2942378F007442C9 /* Int+Ext.swift */,
			);
			path = Extension;
			sourceTree = "<group>";
		};
		F4042FD0292E87CC0031ABFD /* Service */ = {
			isa = PBXGroup;
			children = (
				F4042FD3292E87F60031ABFD /* APIConfiguration.swift */,
				F4042FD1292E87E00031ABFD /* NetworkProtocol.swift */,
				F4042FD5292E8AE70031ABFD /* NetworkService.swift */,
			);
			path = Service;
			sourceTree = "<group>";
		};
		F4B0B32029423A02007442C9 /* ResponseModel */ = {
			isa = PBXGroup;
			children = (
				F4042FD7292E8F290031ABFD /* AllPairResponse.swift */,
			);
			path = ResponseModel;
			sourceTree = "<group>";
		};
		F4B0B32129423A0A007442C9 /* Entity */ = {
			isa = PBXGroup;
			children = (
				F4B0B31C2942364A007442C9 /* AllPairEntity.swift */,
				F4FB55B52948ABD200790DC7 /* ProfileEntity.swift */,
			);
			path = Entity;
			sourceTree = "<group>";
		};
		F4C2D1B9293F77B10058361D /* Favorite */ = {
			isa = PBXGroup;
			children = (
				F4C2D1BF293F86FC0058361D /* FavoriteEmptyView.swift */,
				F4C2D1D9294212180058361D /* FavoriteProtocols.swift */,
				F4C2D1BA293F77C30058361D /* FavoriteViewController.swift */,
				F4C2D1DB2942121E0058361D /* FavoriteViewModel.swift */,
				F4E2F68E2959D5450009DAC0 /* FavoriteRepo.swift */,
			);
			path = Favorite;
			sourceTree = "<group>";
		};
		F4C2D1BC293F7A0B0058361D /* Shared */ = {
			isa = PBXGroup;
			children = (
				F4042FD9292E8F5A0031ABFD /* CapstoneTableViewCell.swift */,
				F4C2D1C1293F94500058361D /* CapstoneSnackbar.swift */,
			);
			path = Shared;
			sourceTree = "<group>";
		};
		F4C2D1C3293F96D60058361D /* Detail */ = {
			isa = PBXGroup;
			children = (
				F4C2D1C8293F971F0058361D /* DetailProtocol.swift */,
				F4C2D1C4293F96E10058361D /* DetailViewController.swift */,
				F4C2D1C6293F97190058361D /* DetailViewModel.swift */,
				F4E2F6902959DA4F0009DAC0 /* DetailRepo.swift */,
			);
			path = Detail;
			sourceTree = "<group>";
		};
		F4E2F694295C7F7A0009DAC0 /* UIModel */ = {
			isa = PBXGroup;
			children = (
				F4E2F695295C7F9D0009DAC0 /* AllPairUIModel.swift */,
				F4E2F697295C863B0009DAC0 /* ProfileUIModel.swift */,
			);
			path = UIModel;
			sourceTree = "<group>";
		};
		F4E2F699295C86EF0009DAC0 /* Domain */ = {
			isa = PBXGroup;
			children = (
				F4E2F69A295C86F60009DAC0 /* AllPairModel.swift */,
			);
			path = Domain;
			sourceTree = "<group>";
		};
		F4FB55AE2948A7E700790DC7 /* Profile */ = {
			isa = PBXGroup;
			children = (
				F4FB55B12948AB3900790DC7 /* ProfileProtocol.swift */,
				F4FB55AF2948A7F300790DC7 /* ProfileViewController.swift */,
				F4FB55B32948AB4000790DC7 /* ProfileViewModel.swift */,
				F4E2F6922959DB410009DAC0 /* ProfileRepo.swift */,
			);
			path = Profile;
			sourceTree = "<group>";
		};
		F4FB55BC2948B64C00790DC7 /* CapstoneProjectTests */ = {
			isa = PBXGroup;
			children = (
				F4FB55C42948B67000790DC7 /* Domain */,
				F4FB55BD2948B64C00790DC7 /* CapstoneProjectTests.swift */,
			);
			path = CapstoneProjectTests;
			sourceTree = "<group>";
		};
		F4FB55C42948B67000790DC7 /* Domain */ = {
			isa = PBXGroup;
			children = (
				F4FB55C52948B68100790DC7 /* HomeUseCaseTest.swift */,
			);
			path = Domain;
			sourceTree = "<group>";
		};
/* End PBXGroup section */

/* Begin PBXNativeTarget section */
		F4042F9E292E60E60031ABFD /* CapstoneProject */ = {
			isa = PBXNativeTarget;
			buildConfigurationList = F4042FB3292E60E80031ABFD /* Build configuration list for PBXNativeTarget "CapstoneProject" */;
			buildPhases = (
				0BDF0CE31A1AD82FB13493DC /* [CP] Check Pods Manifest.lock */,
				F4042F9B292E60E60031ABFD /* Sources */,
				F4042F9C292E60E60031ABFD /* Frameworks */,
				F4042F9D292E60E60031ABFD /* Resources */,
				F4B0B32729423E27007442C9 /* ShellScript */,
			);
			buildRules = (
			);
			dependencies = (
			);
			name = CapstoneProject;
			packageProductDependencies = (
				F4E2F6752955A7360009DAC0 /* IQKeyboardManagerSwift */,
				F4E2F6782955A7470009DAC0 /* Stevia */,
				F4E2F67E2955A76E0009DAC0 /* SDWebImage */,
				F4E2F6812955A7870009DAC0 /* NVActivityIndicatorView */,
				F4E2F6872955A8370009DAC0 /* SnackBar */,
				F4E2F68A2955A8DD0009DAC0 /* Alamofire */,
			);
			productName = CapstoneProject;
			productReference = F4042F9F292E60E60031ABFD /* CapstoneProject.app */;
			productType = "com.apple.product-type.application";
		};
		F4FB55BA2948B64C00790DC7 /* CapstoneProjectTests */ = {
			isa = PBXNativeTarget;
			buildConfigurationList = F4FB55C12948B64D00790DC7 /* Build configuration list for PBXNativeTarget "CapstoneProjectTests" */;
			buildPhases = (
				F4FB55B72948B64C00790DC7 /* Sources */,
				F4FB55B82948B64C00790DC7 /* Frameworks */,
				F4FB55B92948B64C00790DC7 /* Resources */,
			);
			buildRules = (
			);
			dependencies = (
				F4FB55C02948B64C00790DC7 /* PBXTargetDependency */,
			);
			name = CapstoneProjectTests;
			packageProductDependencies = (
				F4E2F69C295C917C0009DAC0 /* SDWebImage */,
			);
			productName = CapstoneProjectTests;
			productReference = F4FB55BB2948B64C00790DC7 /* CapstoneProjectTests.xctest */;
			productType = "com.apple.product-type.bundle.unit-test";
		};
/* End PBXNativeTarget section */

/* Begin PBXProject section */
		F4042F97292E60E60031ABFD /* Project object */ = {
			isa = PBXProject;
			attributes = {
				BuildIndependentTargetsInParallel = 1;
				LastSwiftUpdateCheck = 1400;
				LastUpgradeCheck = 1400;
				TargetAttributes = {
					F4042F9E292E60E60031ABFD = {
						CreatedOnToolsVersion = 14.0;
					};
					F4FB55BA2948B64C00790DC7 = {
						CreatedOnToolsVersion = 14.0;
						TestTargetID = F4042F9E292E60E60031ABFD;
					};
				};
			};
			buildConfigurationList = F4042F9A292E60E60031ABFD /* Build configuration list for PBXProject "CapstoneProject" */;
			compatibilityVersion = "Xcode 13.0";
			developmentRegion = en;
			hasScannedForEncodings = 0;
			knownRegions = (
				en,
				Base,
			);
			mainGroup = F4042F96292E60E60031ABFD;
			packageReferences = (
				F4E2F6742955A7360009DAC0 /* XCRemoteSwiftPackageReference "IQKeyboardManager" */,
				F4E2F6772955A7470009DAC0 /* XCRemoteSwiftPackageReference "Stevia" */,
				F4E2F67D2955A76E0009DAC0 /* XCRemoteSwiftPackageReference "SDWebImage" */,
				F4E2F6802955A7870009DAC0 /* XCRemoteSwiftPackageReference "NVActivityIndicatorView" */,
				F4E2F6862955A8370009DAC0 /* XCRemoteSwiftPackageReference "SnackBar" */,
				F4E2F6892955A8DD0009DAC0 /* XCRemoteSwiftPackageReference "Alamofire" */,
			);
			productRefGroup = F4042FA0292E60E60031ABFD /* Products */;
			projectDirPath = "";
			projectRoot = "";
			targets = (
				F4042F9E292E60E60031ABFD /* CapstoneProject */,
				F4FB55BA2948B64C00790DC7 /* CapstoneProjectTests */,
			);
		};
/* End PBXProject section */

/* Begin PBXResourcesBuildPhase section */
		F4042F9D292E60E60031ABFD /* Resources */ = {
			isa = PBXResourcesBuildPhase;
			buildActionMask = 2147483647;
			files = (
				F4042FAF292E60E80031ABFD /* LaunchScreen.storyboard in Resources */,
				F4042FAC292E60E80031ABFD /* Assets.xcassets in Resources */,
			);
			runOnlyForDeploymentPostprocessing = 0;
		};
		F4FB55B92948B64C00790DC7 /* Resources */ = {
			isa = PBXResourcesBuildPhase;
			buildActionMask = 2147483647;
			files = (
			);
			runOnlyForDeploymentPostprocessing = 0;
		};
/* End PBXResourcesBuildPhase section */

/* Begin PBXShellScriptBuildPhase section */
		0BDF0CE31A1AD82FB13493DC /* [CP] Check Pods Manifest.lock */ = {
			isa = PBXShellScriptBuildPhase;
			buildActionMask = 2147483647;
			files = (
			);
			inputFileListPaths = (
			);
			inputPaths = (
				"${PODS_PODFILE_DIR_PATH}/Podfile.lock",
				"${PODS_ROOT}/Manifest.lock",
			);
			name = "[CP] Check Pods Manifest.lock";
			outputFileListPaths = (
			);
			outputPaths = (
				"$(DERIVED_FILE_DIR)/Pods-CapstoneProject-checkManifestLockResult.txt",
			);
			runOnlyForDeploymentPostprocessing = 0;
			shellPath = /bin/sh;
			shellScript = "diff \"${PODS_PODFILE_DIR_PATH}/Podfile.lock\" \"${PODS_ROOT}/Manifest.lock\" > /dev/null\nif [ $? != 0 ] ; then\n    # print error to STDERR\n    echo \"error: The sandbox is not in sync with the Podfile.lock. Run 'pod install' or update your CocoaPods installation.\" >&2\n    exit 1\nfi\n# This output is used by Xcode 'outputs' to avoid re-running this script phase.\necho \"SUCCESS\" > \"${SCRIPT_OUTPUT_FILE_0}\"\n";
			showEnvVarsInLog = 0;
		};
		F4B0B32729423E27007442C9 /* ShellScript */ = {
			isa = PBXShellScriptBuildPhase;
			buildActionMask = 2147483647;
			files = (
			);
			inputFileListPaths = (
			);
			inputPaths = (
			);
			outputFileListPaths = (
			);
			outputPaths = (
			);
			runOnlyForDeploymentPostprocessing = 0;
			shellPath = /bin/sh;
			shellScript = "export PATH=\"$PATH:/opt/homebrew/bin\"\nif which swiftlint > /dev/null; then\n  swiftlint\nelse\n  echo \"warning: SwiftLint not installed, download from https://github.com/realm/SwiftLint\"\nfi\n";
		};
/* End PBXShellScriptBuildPhase section */

/* Begin PBXSourcesBuildPhase section */
		F4042F9B292E60E60031ABFD /* Sources */ = {
			isa = PBXSourcesBuildPhase;
			buildActionMask = 2147483647;
			files = (
				F4042FD6292E8AE70031ABFD /* NetworkService.swift in Sources */,
				F4B0B31D2942364A007442C9 /* AllPairEntity.swift in Sources */,
				F4C2D1C5293F96E10058361D /* DetailViewController.swift in Sources */,
				F4042FA7292E60E60031ABFD /* HomeViewController.swift in Sources */,
				F4C2D1DC2942121E0058361D /* FavoriteViewModel.swift in Sources */,
				F4042FC9292E7D0B0031ABFD /* UITableView+Ext.swift in Sources */,
				F4C2D1C2293F94500058361D /* CapstoneSnackbar.swift in Sources */,
				F4E2F6932959DB410009DAC0 /* ProfileRepo.swift in Sources */,
				F4042FA3292E60E60031ABFD /* AppDelegate.swift in Sources */,
				F4E2F696295C7F9D0009DAC0 /* AllPairUIModel.swift in Sources */,
				F4C2D1DA294212180058361D /* FavoriteProtocols.swift in Sources */,
				F4042FCB292E836C0031ABFD /* HomeViewModel.swift in Sources */,
				F4042FD4292E87F60031ABFD /* APIConfiguration.swift in Sources */,
				F4FB55B22948AB3900790DC7 /* ProfileProtocol.swift in Sources */,
				F4E2F69B295C86F60009DAC0 /* AllPairModel.swift in Sources */,
				F4C2D1BE293F7C450058361D /* DatabaseManager.swift in Sources */,
				F4E2F698295C863B0009DAC0 /* ProfileUIModel.swift in Sources */,
				F4E2F68D2959BBEA0009DAC0 /* HomeRepo.swift in Sources */,
				F4042FDA292E8F5A0031ABFD /* CapstoneTableViewCell.swift in Sources */,
				F4FB55B62948ABD200790DC7 /* ProfileEntity.swift in Sources */,
				F4FB55B42948AB4000790DC7 /* ProfileViewModel.swift in Sources */,
				F4042FD2292E87E00031ABFD /* NetworkProtocol.swift in Sources */,
				F4042FCD292E83840031ABFD /* HomeProtocols.swift in Sources */,
				F4FB55B02948A7F300790DC7 /* ProfileViewController.swift in Sources */,
				F4E2F6912959DA4F0009DAC0 /* DetailRepo.swift in Sources */,
				F4C2D1C0293F86FC0058361D /* FavoriteEmptyView.swift in Sources */,
				F4E2F68F2959D5450009DAC0 /* FavoriteRepo.swift in Sources */,
				F4C2D1C7293F97190058361D /* DetailViewModel.swift in Sources */,
				F4C2D1BB293F77C30058361D /* FavoriteViewController.swift in Sources */,
				F4042FD8292E8F290031ABFD /* AllPairResponse.swift in Sources */,
				F4042FA5292E60E60031ABFD /* SceneDelegate.swift in Sources */,
				F4C2D1C9293F971F0058361D /* DetailProtocol.swift in Sources */,
				F4B0B31F2942378F007442C9 /* Int+Ext.swift in Sources */,
			);
			runOnlyForDeploymentPostprocessing = 0;
		};
		F4FB55B72948B64C00790DC7 /* Sources */ = {
			isa = PBXSourcesBuildPhase;
			buildActionMask = 2147483647;
			files = (
				F4FB55C62948B68100790DC7 /* HomeUseCaseTest.swift in Sources */,
				F4FB55BE2948B64C00790DC7 /* CapstoneProjectTests.swift in Sources */,
			);
			runOnlyForDeploymentPostprocessing = 0;
		};
/* End PBXSourcesBuildPhase section */

/* Begin PBXTargetDependency section */
		F4FB55C02948B64C00790DC7 /* PBXTargetDependency */ = {
			isa = PBXTargetDependency;
			target = F4042F9E292E60E60031ABFD /* CapstoneProject */;
			targetProxy = F4FB55BF2948B64C00790DC7 /* PBXContainerItemProxy */;
		};
/* End PBXTargetDependency section */

/* Begin PBXVariantGroup section */
		F4042FAD292E60E80031ABFD /* LaunchScreen.storyboard */ = {
			isa = PBXVariantGroup;
			children = (
				F4042FAE292E60E80031ABFD /* Base */,
			);
			name = LaunchScreen.storyboard;
			sourceTree = "<group>";
		};
/* End PBXVariantGroup section */

/* Begin XCBuildConfiguration section */
		F4042FB1292E60E80031ABFD /* Debug */ = {
			isa = XCBuildConfiguration;
			buildSettings = {
				ALWAYS_SEARCH_USER_PATHS = NO;
				CLANG_ANALYZER_NONNULL = YES;
				CLANG_ANALYZER_NUMBER_OBJECT_CONVERSION = YES_AGGRESSIVE;
				CLANG_CXX_LANGUAGE_STANDARD = "gnu++20";
				CLANG_ENABLE_MODULES = YES;
				CLANG_ENABLE_OBJC_ARC = YES;
				CLANG_ENABLE_OBJC_WEAK = YES;
				CLANG_WARN_BLOCK_CAPTURE_AUTORELEASING = YES;
				CLANG_WARN_BOOL_CONVERSION = YES;
				CLANG_WARN_COMMA = YES;
				CLANG_WARN_CONSTANT_CONVERSION = YES;
				CLANG_WARN_DEPRECATED_OBJC_IMPLEMENTATIONS = YES;
				CLANG_WARN_DIRECT_OBJC_ISA_USAGE = YES_ERROR;
				CLANG_WARN_DOCUMENTATION_COMMENTS = YES;
				CLANG_WARN_EMPTY_BODY = YES;
				CLANG_WARN_ENUM_CONVERSION = YES;
				CLANG_WARN_INFINITE_RECURSION = YES;
				CLANG_WARN_INT_CONVERSION = YES;
				CLANG_WARN_NON_LITERAL_NULL_CONVERSION = YES;
				CLANG_WARN_OBJC_IMPLICIT_RETAIN_SELF = YES;
				CLANG_WARN_OBJC_LITERAL_CONVERSION = YES;
				CLANG_WARN_OBJC_ROOT_CLASS = YES_ERROR;
				CLANG_WARN_QUOTED_INCLUDE_IN_FRAMEWORK_HEADER = YES;
				CLANG_WARN_RANGE_LOOP_ANALYSIS = YES;
				CLANG_WARN_STRICT_PROTOTYPES = YES;
				CLANG_WARN_SUSPICIOUS_MOVE = YES;
				CLANG_WARN_UNGUARDED_AVAILABILITY = YES_AGGRESSIVE;
				CLANG_WARN_UNREACHABLE_CODE = YES;
				CLANG_WARN__DUPLICATE_METHOD_MATCH = YES;
				COPY_PHASE_STRIP = NO;
				DEBUG_INFORMATION_FORMAT = dwarf;
				ENABLE_STRICT_OBJC_MSGSEND = YES;
				ENABLE_TESTABILITY = YES;
				GCC_C_LANGUAGE_STANDARD = gnu11;
				GCC_DYNAMIC_NO_PIC = NO;
				GCC_NO_COMMON_BLOCKS = YES;
				GCC_OPTIMIZATION_LEVEL = 0;
				GCC_PREPROCESSOR_DEFINITIONS = (
					"DEBUG=1",
					"$(inherited)",
				);
				GCC_WARN_64_TO_32_BIT_CONVERSION = YES;
				GCC_WARN_ABOUT_RETURN_TYPE = YES_ERROR;
				GCC_WARN_UNDECLARED_SELECTOR = YES;
				GCC_WARN_UNINITIALIZED_AUTOS = YES_AGGRESSIVE;
				GCC_WARN_UNUSED_FUNCTION = YES;
				GCC_WARN_UNUSED_VARIABLE = YES;
				IPHONEOS_DEPLOYMENT_TARGET = 13.0;
				MTL_ENABLE_DEBUG_INFO = INCLUDE_SOURCE;
				MTL_FAST_MATH = YES;
				ONLY_ACTIVE_ARCH = YES;
				SDKROOT = iphoneos;
				SWIFT_ACTIVE_COMPILATION_CONDITIONS = DEBUG;
				SWIFT_OPTIMIZATION_LEVEL = "-Onone";
			};
			name = Debug;
		};
		F4042FB2292E60E80031ABFD /* Release */ = {
			isa = XCBuildConfiguration;
			buildSettings = {
				ALWAYS_SEARCH_USER_PATHS = NO;
				CLANG_ANALYZER_NONNULL = YES;
				CLANG_ANALYZER_NUMBER_OBJECT_CONVERSION = YES_AGGRESSIVE;
				CLANG_CXX_LANGUAGE_STANDARD = "gnu++20";
				CLANG_ENABLE_MODULES = YES;
				CLANG_ENABLE_OBJC_ARC = YES;
				CLANG_ENABLE_OBJC_WEAK = YES;
				CLANG_WARN_BLOCK_CAPTURE_AUTORELEASING = YES;
				CLANG_WARN_BOOL_CONVERSION = YES;
				CLANG_WARN_COMMA = YES;
				CLANG_WARN_CONSTANT_CONVERSION = YES;
				CLANG_WARN_DEPRECATED_OBJC_IMPLEMENTATIONS = YES;
				CLANG_WARN_DIRECT_OBJC_ISA_USAGE = YES_ERROR;
				CLANG_WARN_DOCUMENTATION_COMMENTS = YES;
				CLANG_WARN_EMPTY_BODY = YES;
				CLANG_WARN_ENUM_CONVERSION = YES;
				CLANG_WARN_INFINITE_RECURSION = YES;
				CLANG_WARN_INT_CONVERSION = YES;
				CLANG_WARN_NON_LITERAL_NULL_CONVERSION = YES;
				CLANG_WARN_OBJC_IMPLICIT_RETAIN_SELF = YES;
				CLANG_WARN_OBJC_LITERAL_CONVERSION = YES;
				CLANG_WARN_OBJC_ROOT_CLASS = YES_ERROR;
				CLANG_WARN_QUOTED_INCLUDE_IN_FRAMEWORK_HEADER = YES;
				CLANG_WARN_RANGE_LOOP_ANALYSIS = YES;
				CLANG_WARN_STRICT_PROTOTYPES = YES;
				CLANG_WARN_SUSPICIOUS_MOVE = YES;
				CLANG_WARN_UNGUARDED_AVAILABILITY = YES_AGGRESSIVE;
				CLANG_WARN_UNREACHABLE_CODE = YES;
				CLANG_WARN__DUPLICATE_METHOD_MATCH = YES;
				COPY_PHASE_STRIP = NO;
				DEBUG_INFORMATION_FORMAT = "dwarf-with-dsym";
				ENABLE_NS_ASSERTIONS = NO;
				ENABLE_STRICT_OBJC_MSGSEND = YES;
				GCC_C_LANGUAGE_STANDARD = gnu11;
				GCC_NO_COMMON_BLOCKS = YES;
				GCC_WARN_64_TO_32_BIT_CONVERSION = YES;
				GCC_WARN_ABOUT_RETURN_TYPE = YES_ERROR;
				GCC_WARN_UNDECLARED_SELECTOR = YES;
				GCC_WARN_UNINITIALIZED_AUTOS = YES_AGGRESSIVE;
				GCC_WARN_UNUSED_FUNCTION = YES;
				GCC_WARN_UNUSED_VARIABLE = YES;
				IPHONEOS_DEPLOYMENT_TARGET = 13.0;
				MTL_ENABLE_DEBUG_INFO = NO;
				MTL_FAST_MATH = YES;
				SDKROOT = iphoneos;
				SWIFT_COMPILATION_MODE = wholemodule;
				SWIFT_OPTIMIZATION_LEVEL = "-O";
				VALIDATE_PRODUCT = YES;
			};
			name = Release;
		};
		F4042FB4292E60E80031ABFD /* Debug */ = {
			isa = XCBuildConfiguration;
			baseConfigurationReference = 6DBECF12E859A24619C53CF2 /* Pods-CapstoneProject.debug.xcconfig */;
			buildSettings = {
				ASSETCATALOG_COMPILER_APPICON_NAME = AppIcon;
				ASSETCATALOG_COMPILER_GLOBAL_ACCENT_COLOR_NAME = AccentColor;
				CODE_SIGN_STYLE = Automatic;
				CURRENT_PROJECT_VERSION = 1;
				DEVELOPMENT_TEAM = 26SCPNUJUC;
				GENERATE_INFOPLIST_FILE = YES;
				INFOPLIST_FILE = CapstoneProject/Info.plist;
				INFOPLIST_KEY_UIApplicationSupportsIndirectInputEvents = YES;
				INFOPLIST_KEY_UILaunchStoryboardName = LaunchScreen;
				INFOPLIST_KEY_UISupportedInterfaceOrientations = UIInterfaceOrientationPortrait;
				INFOPLIST_KEY_UISupportedInterfaceOrientations_iPad = "UIInterfaceOrientationLandscapeLeft UIInterfaceOrientationLandscapeRight UIInterfaceOrientationPortrait UIInterfaceOrientationPortraitUpsideDown";
				LD_RUNPATH_SEARCH_PATHS = (
					"$(inherited)",
					"@executable_path/Frameworks",
				);
				MARKETING_VERSION = 1.0;
				PRODUCT_BUNDLE_IDENTIFIER = com.dicoding.expert.CapstoneProject;
				PRODUCT_NAME = "$(TARGET_NAME)";
				SUPPORTED_PLATFORMS = "iphoneos iphonesimulator";
				SUPPORTS_MACCATALYST = NO;
				SUPPORTS_MAC_DESIGNED_FOR_IPHONE_IPAD = YES;
				SWIFT_EMIT_LOC_STRINGS = YES;
				SWIFT_VERSION = 5.0;
				TARGETED_DEVICE_FAMILY = 1;
			};
			name = Debug;
		};
		F4042FB5292E60E80031ABFD /* Release */ = {
			isa = XCBuildConfiguration;
			baseConfigurationReference = 9DC55C29EAC03BE0BD828B65 /* Pods-CapstoneProject.release.xcconfig */;
			buildSettings = {
				ASSETCATALOG_COMPILER_APPICON_NAME = AppIcon;
				ASSETCATALOG_COMPILER_GLOBAL_ACCENT_COLOR_NAME = AccentColor;
				CODE_SIGN_STYLE = Automatic;
				CURRENT_PROJECT_VERSION = 1;
				DEVELOPMENT_TEAM = 26SCPNUJUC;
				GENERATE_INFOPLIST_FILE = YES;
				INFOPLIST_FILE = CapstoneProject/Info.plist;
				INFOPLIST_KEY_UIApplicationSupportsIndirectInputEvents = YES;
				INFOPLIST_KEY_UILaunchStoryboardName = LaunchScreen;
				INFOPLIST_KEY_UISupportedInterfaceOrientations = UIInterfaceOrientationPortrait;
				INFOPLIST_KEY_UISupportedInterfaceOrientations_iPad = "UIInterfaceOrientationLandscapeLeft UIInterfaceOrientationLandscapeRight UIInterfaceOrientationPortrait UIInterfaceOrientationPortraitUpsideDown";
				LD_RUNPATH_SEARCH_PATHS = (
					"$(inherited)",
					"@executable_path/Frameworks",
				);
				MARKETING_VERSION = 1.0;
				PRODUCT_BUNDLE_IDENTIFIER = com.dicoding.expert.CapstoneProject;
				PRODUCT_NAME = "$(TARGET_NAME)";
				SUPPORTED_PLATFORMS = "iphoneos iphonesimulator";
				SUPPORTS_MACCATALYST = NO;
				SUPPORTS_MAC_DESIGNED_FOR_IPHONE_IPAD = YES;
				SWIFT_EMIT_LOC_STRINGS = YES;
				SWIFT_VERSION = 5.0;
				TARGETED_DEVICE_FAMILY = 1;
			};
			name = Release;
		};
		F4FB55C22948B64D00790DC7 /* Debug */ = {
			isa = XCBuildConfiguration;
			buildSettings = {
				BUNDLE_LOADER = "$(TEST_HOST)";
				CODE_SIGN_STYLE = Automatic;
				CURRENT_PROJECT_VERSION = 1;
				DEVELOPMENT_TEAM = 26SCPNUJUC;
				GENERATE_INFOPLIST_FILE = YES;
				IPHONEOS_DEPLOYMENT_TARGET = 16.0;
				MARKETING_VERSION = 1.0;
				PRODUCT_BUNDLE_IDENTIFIER = com.dicoding.expert.CapstoneProjectTests;
				PRODUCT_NAME = "$(TARGET_NAME)";
				SWIFT_EMIT_LOC_STRINGS = NO;
				SWIFT_VERSION = 5.0;
				TARGETED_DEVICE_FAMILY = "1,2";
				TEST_HOST = "$(BUILT_PRODUCTS_DIR)/CapstoneProject.app/$(BUNDLE_EXECUTABLE_FOLDER_PATH)/CapstoneProject";
			};
			name = Debug;
		};
		F4FB55C32948B64D00790DC7 /* Release */ = {
			isa = XCBuildConfiguration;
			buildSettings = {
				BUNDLE_LOADER = "$(TEST_HOST)";
				CODE_SIGN_STYLE = Automatic;
				CURRENT_PROJECT_VERSION = 1;
				DEVELOPMENT_TEAM = 26SCPNUJUC;
				GENERATE_INFOPLIST_FILE = YES;
				IPHONEOS_DEPLOYMENT_TARGET = 16.0;
				MARKETING_VERSION = 1.0;
				PRODUCT_BUNDLE_IDENTIFIER = com.dicoding.expert.CapstoneProjectTests;
				PRODUCT_NAME = "$(TARGET_NAME)";
				SWIFT_EMIT_LOC_STRINGS = NO;
				SWIFT_VERSION = 5.0;
				TARGETED_DEVICE_FAMILY = "1,2";
				TEST_HOST = "$(BUILT_PRODUCTS_DIR)/CapstoneProject.app/$(BUNDLE_EXECUTABLE_FOLDER_PATH)/CapstoneProject";
			};
			name = Release;
		};
/* End XCBuildConfiguration section */

/* Begin XCConfigurationList section */
		F4042F9A292E60E60031ABFD /* Build configuration list for PBXProject "CapstoneProject" */ = {
			isa = XCConfigurationList;
			buildConfigurations = (
				F4042FB1292E60E80031ABFD /* Debug */,
				F4042FB2292E60E80031ABFD /* Release */,
			);
			defaultConfigurationIsVisible = 0;
			defaultConfigurationName = Release;
		};
		F4042FB3292E60E80031ABFD /* Build configuration list for PBXNativeTarget "CapstoneProject" */ = {
			isa = XCConfigurationList;
			buildConfigurations = (
				F4042FB4292E60E80031ABFD /* Debug */,
				F4042FB5292E60E80031ABFD /* Release */,
			);
			defaultConfigurationIsVisible = 0;
			defaultConfigurationName = Release;
		};
		F4FB55C12948B64D00790DC7 /* Build configuration list for PBXNativeTarget "CapstoneProjectTests" */ = {
			isa = XCConfigurationList;
			buildConfigurations = (
				F4FB55C22948B64D00790DC7 /* Debug */,
				F4FB55C32948B64D00790DC7 /* Release */,
			);
			defaultConfigurationIsVisible = 0;
			defaultConfigurationName = Release;
		};
/* End XCConfigurationList section */

/* Begin XCRemoteSwiftPackageReference section */
		F4E2F6742955A7360009DAC0 /* XCRemoteSwiftPackageReference "IQKeyboardManager" */ = {
			isa = XCRemoteSwiftPackageReference;
			repositoryURL = "https://github.com/hackiftekhar/IQKeyboardManager";
			requirement = {
				branch = master;
				kind = branch;
			};
		};
		F4E2F6772955A7470009DAC0 /* XCRemoteSwiftPackageReference "Stevia" */ = {
			isa = XCRemoteSwiftPackageReference;
			repositoryURL = "https://github.com/freshOS/Stevia";
			requirement = {
				branch = master;
				kind = branch;
			};
		};
		F4E2F67D2955A76E0009DAC0 /* XCRemoteSwiftPackageReference "SDWebImage" */ = {
			isa = XCRemoteSwiftPackageReference;
			repositoryURL = "https://github.com/SDWebImage/SDWebImage";
			requirement = {
				branch = master;
				kind = branch;
			};
		};
		F4E2F6802955A7870009DAC0 /* XCRemoteSwiftPackageReference "NVActivityIndicatorView" */ = {
			isa = XCRemoteSwiftPackageReference;
			repositoryURL = "https://github.com/ninjaprox/NVActivityIndicatorView";
			requirement = {
				branch = master;
				kind = branch;
			};
		};
		F4E2F6862955A8370009DAC0 /* XCRemoteSwiftPackageReference "SnackBar" */ = {
			isa = XCRemoteSwiftPackageReference;
			repositoryURL = "https://github.com/ahmedAlmasri/SnackBar.swift";
			requirement = {
				branch = master;
				kind = branch;
			};
		};
		F4E2F6892955A8DD0009DAC0 /* XCRemoteSwiftPackageReference "Alamofire" */ = {
			isa = XCRemoteSwiftPackageReference;
			repositoryURL = "https://github.com/Alamofire/Alamofire";
			requirement = {
				branch = master;
				kind = branch;
			};
		};
/* End XCRemoteSwiftPackageReference section */

/* Begin XCSwiftPackageProductDependency section */
		F4E2F6752955A7360009DAC0 /* IQKeyboardManagerSwift */ = {
			isa = XCSwiftPackageProductDependency;
			package = F4E2F6742955A7360009DAC0 /* XCRemoteSwiftPackageReference "IQKeyboardManager" */;
			productName = IQKeyboardManagerSwift;
		};
		F4E2F6782955A7470009DAC0 /* Stevia */ = {
			isa = XCSwiftPackageProductDependency;
			package = F4E2F6772955A7470009DAC0 /* XCRemoteSwiftPackageReference "Stevia" */;
			productName = Stevia;
		};
		F4E2F67E2955A76E0009DAC0 /* SDWebImage */ = {
			isa = XCSwiftPackageProductDependency;
			package = F4E2F67D2955A76E0009DAC0 /* XCRemoteSwiftPackageReference "SDWebImage" */;
			productName = SDWebImage;
		};
		F4E2F6812955A7870009DAC0 /* NVActivityIndicatorView */ = {
			isa = XCSwiftPackageProductDependency;
			package = F4E2F6802955A7870009DAC0 /* XCRemoteSwiftPackageReference "NVActivityIndicatorView" */;
			productName = NVActivityIndicatorView;
		};
		F4E2F6872955A8370009DAC0 /* SnackBar */ = {
			isa = XCSwiftPackageProductDependency;
			package = F4E2F6862955A8370009DAC0 /* XCRemoteSwiftPackageReference "SnackBar" */;
			productName = SnackBar;
		};
		F4E2F68A2955A8DD0009DAC0 /* Alamofire */ = {
			isa = XCSwiftPackageProductDependency;
			package = F4E2F6892955A8DD0009DAC0 /* XCRemoteSwiftPackageReference "Alamofire" */;
			productName = Alamofire;
		};
		F4E2F69C295C917C0009DAC0 /* SDWebImage */ = {
			isa = XCSwiftPackageProductDependency;
			package = F4E2F67D2955A76E0009DAC0 /* XCRemoteSwiftPackageReference "SDWebImage" */;
			productName = SDWebImage;
		};
/* End XCSwiftPackageProductDependency section */
	};
	rootObject = F4042F97292E60E60031ABFD /* Project object */;
}
